// !$*UTF8*$!
{
	archiveVersion = 1;
	classes = {
	};
	objectVersion = 46;
	objects = {

/* Begin PBXBuildFile section */
		E20C4C581AB6A9A9009F0692 /* IoTDeviceCollectIcon.m in Sources */ = {isa = PBXBuildFile; fileRef = E20C4C531AB6A9A9009F0692 /* IoTDeviceCollectIcon.m */; };
		E20C4C591AB6A9A9009F0692 /* IoTDeviceCollectIcon.xib in Resources */ = {isa = PBXBuildFile; fileRef = E20C4C541AB6A9A9009F0692 /* IoTDeviceCollectIcon.xib */; };
		E20C4C5A1AB6A9A9009F0692 /* IoTDeviceCollectItem.m in Sources */ = {isa = PBXBuildFile; fileRef = E20C4C561AB6A9A9009F0692 /* IoTDeviceCollectItem.m */; };
		E20C4C5B1AB6A9A9009F0692 /* IoTDeviceCollectItem.xib in Resources */ = {isa = PBXBuildFile; fileRef = E20C4C571AB6A9A9009F0692 /* IoTDeviceCollectItem.xib */; };
		E2364B5E1A88BB1200DB07B4 /* Localizable.strings in Resources */ = {isa = PBXBuildFile; fileRef = E2364B5C1A88BB1200DB07B4 /* Localizable.strings */; };
		EE06A4011A6CA981000359AC /* accessory@2x.png in Resources */ = {isa = PBXBuildFile; fileRef = EE06A4001A6CA981000359AC /* accessory@2x.png */; };
		EE06A4061A6CB0DF000359AC /* IoTTimingSubscribeCell.m in Sources */ = {isa = PBXBuildFile; fileRef = EE06A4041A6CB0DF000359AC /* IoTTimingSubscribeCell.m */; };
		EE06A4071A6CB0DF000359AC /* IoTTimingSubscribeCell.xib in Resources */ = {isa = PBXBuildFile; fileRef = EE06A4051A6CB0DF000359AC /* IoTTimingSubscribeCell.xib */; };
		EE06A40C1A6CE507000359AC /* MultiSelectSegmentedControl.m in Sources */ = {isa = PBXBuildFile; fileRef = EE06A40B1A6CE507000359AC /* MultiSelectSegmentedControl.m */; };
		EE06A4131A6CECB6000359AC /* IoTTimingSelection.m in Sources */ = {isa = PBXBuildFile; fileRef = EE06A4111A6CECB6000359AC /* IoTTimingSelection.m */; };
		EE06A4141A6CECB6000359AC /* IoTTimingSelection.xib in Resources */ = {isa = PBXBuildFile; fileRef = EE06A4121A6CECB6000359AC /* IoTTimingSelection.xib */; };
		EE06A4161A6D04A1000359AC /* time_set@2x.png in Resources */ = {isa = PBXBuildFile; fileRef = EE06A4151A6D04A1000359AC /* time_set@2x.png */; };
		EE06A4181A6D0542000359AC /* tips_box@2x.png in Resources */ = {isa = PBXBuildFile; fileRef = EE06A4171A6D0542000359AC /* tips_box@2x.png */; };
		EE06A41A1A6D0BBD000359AC /* fault_tips_box@2x.png in Resources */ = {isa = PBXBuildFile; fileRef = EE06A4191A6D0BBD000359AC /* fault_tips_box@2x.png */; };
		EE59AD801A6F3FE7009F587C /* IoTInputView.m in Sources */ = {isa = PBXBuildFile; fileRef = EE59AD7E1A6F3FE7009F587C /* IoTInputView.m */; };
		EE59AD811A6F3FE7009F587C /* IoTInputView.xib in Resources */ = {isa = PBXBuildFile; fileRef = EE59AD7F1A6F3FE7009F587C /* IoTInputView.xib */; };
		EE59AD831A6F5159009F587C /* icon_edit@2x.png in Resources */ = {isa = PBXBuildFile; fileRef = EE59AD821A6F5159009F587C /* icon_edit@2x.png */; };
		EE59AD851A6F5268009F587C /* top@2x.png in Resources */ = {isa = PBXBuildFile; fileRef = EE59AD841A6F5268009F587C /* top@2x.png */; };
		EE5F5A861A679394005795A7 /* main.m in Sources */ = {isa = PBXBuildFile; fileRef = EE5F5A851A679394005795A7 /* main.m */; };
		EE5F5A891A679394005795A7 /* AppDelegate.m in Sources */ = {isa = PBXBuildFile; fileRef = EE5F5A881A679394005795A7 /* AppDelegate.m */; };
		EE5F5A911A679394005795A7 /* Images.xcassets in Resources */ = {isa = PBXBuildFile; fileRef = EE5F5A901A679394005795A7 /* Images.xcassets */; };
		EE5F5B3D1A6794D3005795A7 /* License.txt in Resources */ = {isa = PBXBuildFile; fileRef = EE5F5AAC1A6794D3005795A7 /* License.txt */; };
		EE5F5B3F1A6794D3005795A7 /* SlideNavigationContorllerAnimatorFade.m in Sources */ = {isa = PBXBuildFile; fileRef = EE5F5AB31A6794D3005795A7 /* SlideNavigationContorllerAnimatorFade.m */; };
		EE5F5B401A6794D3005795A7 /* SlideNavigationContorllerAnimatorScale.m in Sources */ = {isa = PBXBuildFile; fileRef = EE5F5AB51A6794D3005795A7 /* SlideNavigationContorllerAnimatorScale.m */; };
		EE5F5B411A6794D3005795A7 /* SlideNavigationContorllerAnimatorScaleAndFade.m in Sources */ = {isa = PBXBuildFile; fileRef = EE5F5AB71A6794D3005795A7 /* SlideNavigationContorllerAnimatorScaleAndFade.m */; };
		EE5F5B421A6794D3005795A7 /* SlideNavigationContorllerAnimatorSlide.m in Sources */ = {isa = PBXBuildFile; fileRef = EE5F5AB91A6794D3005795A7 /* SlideNavigationContorllerAnimatorSlide.m */; };
		EE5F5B431A6794D3005795A7 /* SlideNavigationContorllerAnimatorSlideAndFade.m in Sources */ = {isa = PBXBuildFile; fileRef = EE5F5ABB1A6794D3005795A7 /* SlideNavigationContorllerAnimatorSlideAndFade.m */; };
		EE5F5B441A6794D3005795A7 /* menu-button.png in Resources */ = {isa = PBXBuildFile; fileRef = EE5F5ABD1A6794D3005795A7 /* menu-button.png */; };
		EE5F5B451A6794D3005795A7 /* menu-button@2x.png in Resources */ = {isa = PBXBuildFile; fileRef = EE5F5ABE1A6794D3005795A7 /* menu-button@2x.png */; };
		EE5F5B461A6794D3005795A7 /* SlideNavigationController.m in Sources */ = {isa = PBXBuildFile; fileRef = EE5F5AC01A6794D3005795A7 /* SlideNavigationController.m */; };
		EE5F5B471A6794D3005795A7 /* IoTProcessModule.bundle in Resources */ = {isa = PBXBuildFile; fileRef = EE5F5AC71A6794D3005795A7 /* IoTProcessModule.bundle */; };
		EE5F5B481A6794D3005795A7 /* libIoTProcessModel.a in Frameworks */ = {isa = PBXBuildFile; fileRef = EE5F5AC81A6794D3005795A7 /* libIoTProcessModel.a */; };
		EE5F5B491A6794D3005795A7 /* libcrypto.a in Frameworks */ = {isa = PBXBuildFile; fileRef = EE5F5B191A6794D3005795A7 /* libcrypto.a */; };
		EE5F5B4A1A6794D3005795A7 /* libssl.a in Frameworks */ = {isa = PBXBuildFile; fileRef = EE5F5B1A1A6794D3005795A7 /* libssl.a */; };
		EE5F5B4B1A6794D3005795A7 /* UICircularSlider.m in Sources */ = {isa = PBXBuildFile; fileRef = EE5F5B1D1A6794D3005795A7 /* UICircularSlider.m */; };
		EE5F5B4C1A6794D3005795A7 /* XPGWifiSDK.framework in Frameworks */ = {isa = PBXBuildFile; fileRef = EE5F5B1F1A6794D3005795A7 /* XPGWifiSDK.framework */; };
		EE5F5B4D1A6794D3005795A7 /* zbar-back.png in Resources */ = {isa = PBXBuildFile; fileRef = EE5F5B391A6794D3005795A7 /* zbar-back.png */; };
		EE5F5B4E1A6794D3005795A7 /* zbar-help.html in Resources */ = {isa = PBXBuildFile; fileRef = EE5F5B3A1A6794D3005795A7 /* zbar-help.html */; };
		EE5F5B4F1A6794D3005795A7 /* zbar-helpicons.png in Resources */ = {isa = PBXBuildFile; fileRef = EE5F5B3B1A6794D3005795A7 /* zbar-helpicons.png */; };
		EE5F5B501A6794D3005795A7 /* zbar-samples.png in Resources */ = {isa = PBXBuildFile; fileRef = EE5F5B3C1A6794D3005795A7 /* zbar-samples.png */; };
		EE5F5B521A679814005795A7 /* SystemConfiguration.framework in Frameworks */ = {isa = PBXBuildFile; fileRef = EE5F5B511A679814005795A7 /* SystemConfiguration.framework */; };
		EE5F5B541A67981A005795A7 /* libc++.dylib in Frameworks */ = {isa = PBXBuildFile; fileRef = EE5F5B531A67981A005795A7 /* libc++.dylib */; };
		EE5F5B561A679821005795A7 /* libiconv.dylib in Frameworks */ = {isa = PBXBuildFile; fileRef = EE5F5B551A679821005795A7 /* libiconv.dylib */; };
		EE5F5B591A679F2A005795A7 /* AVFoundation.framework in Frameworks */ = {isa = PBXBuildFile; fileRef = EE5F5B581A679F2A005795A7 /* AVFoundation.framework */; };
		EE5F5B5B1A679F35005795A7 /* CoreMedia.framework in Frameworks */ = {isa = PBXBuildFile; fileRef = EE5F5B5A1A679F35005795A7 /* CoreMedia.framework */; };
		EE5F5B7E1A67B74E005795A7 /* IoTAccountManager.m in Sources */ = {isa = PBXBuildFile; fileRef = EE5F5B661A67B74E005795A7 /* IoTAccountManager.m */; };
		EE5F5B7F1A67B74E005795A7 /* IoTAccountManager.xib in Resources */ = {isa = PBXBuildFile; fileRef = EE5F5B671A67B74E005795A7 /* IoTAccountManager.xib */; };
		EE5F5B801A67B74E005795A7 /* IoTChangePassword.m in Sources */ = {isa = PBXBuildFile; fileRef = EE5F5B691A67B74E005795A7 /* IoTChangePassword.m */; };
		EE5F5B811A67B74E005795A7 /* IoTChangePassword.xib in Resources */ = {isa = PBXBuildFile; fileRef = EE5F5B6A1A67B74E005795A7 /* IoTChangePassword.xib */; };
		EE5F5B821A67B74E005795A7 /* IoTDeviceDetail.m in Sources */ = {isa = PBXBuildFile; fileRef = EE5F5B6D1A67B74E005795A7 /* IoTDeviceDetail.m */; };
		EE5F5B831A67B74E005795A7 /* IoTDeviceDetail.xib in Resources */ = {isa = PBXBuildFile; fileRef = EE5F5B6E1A67B74E005795A7 /* IoTDeviceDetail.xib */; };
		EE5F5B841A67B74E005795A7 /* IoTDeviceManager.m in Sources */ = {isa = PBXBuildFile; fileRef = EE5F5B701A67B74E005795A7 /* IoTDeviceManager.m */; };
		EE5F5B851A67B74E005795A7 /* IoTDeviceManager.xib in Resources */ = {isa = PBXBuildFile; fileRef = EE5F5B711A67B74E005795A7 /* IoTDeviceManager.xib */; };
		EE5F5B861A67B74E005795A7 /* IoTAbout.m in Sources */ = {isa = PBXBuildFile; fileRef = EE5F5B731A67B74E005795A7 /* IoTAbout.m */; };
		EE5F5B871A67B74E005795A7 /* IoTAbout.xib in Resources */ = {isa = PBXBuildFile; fileRef = EE5F5B741A67B74E005795A7 /* IoTAbout.xib */; };
		EE5F5B881A67B74E005795A7 /* IoTHelp.m in Sources */ = {isa = PBXBuildFile; fileRef = EE5F5B761A67B74E005795A7 /* IoTHelp.m */; };
		EE5F5B891A67B74E005795A7 /* IoTHelp.xib in Resources */ = {isa = PBXBuildFile; fileRef = EE5F5B771A67B74E005795A7 /* IoTHelp.xib */; };
		EE5F5B8A1A67B74E005795A7 /* IoTHelpDetail.m in Sources */ = {isa = PBXBuildFile; fileRef = EE5F5B791A67B74E005795A7 /* IoTHelpDetail.m */; };
		EE5F5B8B1A67B74E005795A7 /* IoTHelpDetail.xib in Resources */ = {isa = PBXBuildFile; fileRef = EE5F5B7A1A67B74E005795A7 /* IoTHelpDetail.xib */; };
		EE5F5B8C1A67B74E005795A7 /* IoTMainMenu.m in Sources */ = {isa = PBXBuildFile; fileRef = EE5F5B7C1A67B74E005795A7 /* IoTMainMenu.m */; };
		EE5F5B8D1A67B74E005795A7 /* IoTMainMenu.xib in Resources */ = {isa = PBXBuildFile; fileRef = EE5F5B7D1A67B74E005795A7 /* IoTMainMenu.xib */; };
		EE5F5B911A67B7D1005795A7 /* IoTAlertView.m in Sources */ = {isa = PBXBuildFile; fileRef = EE5F5B8F1A67B7D1005795A7 /* IoTAlertView.m */; };
		EE5F5B921A67B7D1005795A7 /* IoTAlertView.xib in Resources */ = {isa = PBXBuildFile; fileRef = EE5F5B901A67B7D1005795A7 /* IoTAlertView.xib */; };
		EE606CBF1A6E078C008BC3CA /* device_list-32@2x.png in Resources */ = {isa = PBXBuildFile; fileRef = EE606CBA1A6E078C008BC3CA /* device_list-32@2x.png */; };
		EE606CC01A6E078C008BC3CA /* menu_icon-11@2x.png in Resources */ = {isa = PBXBuildFile; fileRef = EE606CBB1A6E078C008BC3CA /* menu_icon-11@2x.png */; };
		EE606CC11A6E078C008BC3CA /* menu_icon-14@2x.png in Resources */ = {isa = PBXBuildFile; fileRef = EE606CBC1A6E078C008BC3CA /* menu_icon-14@2x.png */; };
		EE606CC21A6E078C008BC3CA /* menu_icon-17@2x.png in Resources */ = {isa = PBXBuildFile; fileRef = EE606CBD1A6E078C008BC3CA /* menu_icon-17@2x.png */; };
		EE606CC31A6E078C008BC3CA /* menu_icon@2x.png in Resources */ = {isa = PBXBuildFile; fileRef = EE606CBE1A6E078C008BC3CA /* menu_icon@2x.png */; };
		EE606CC91A6E097E008BC3CA /* about@2x.png in Resources */ = {isa = PBXBuildFile; fileRef = EE606CC61A6E097E008BC3CA /* about@2x.png */; };
		EE606CCA1A6E097E008BC3CA /* about@3x.png in Resources */ = {isa = PBXBuildFile; fileRef = EE606CC81A6E097E008BC3CA /* about@3x.png */; };
		EE606CD01A6E2A6D008BC3CA /* IoTPhotoRecorder.m in Sources */ = {isa = PBXBuildFile; fileRef = EE606CCF1A6E2A6D008BC3CA /* IoTPhotoRecorder.m */; };
		EE606CEE1A6E2EFF008BC3CA /* head_icon1@2x.png in Resources */ = {isa = PBXBuildFile; fileRef = EE606CD31A6E2EFF008BC3CA /* head_icon1@2x.png */; };
		EE606CEF1A6E2EFF008BC3CA /* head_icon1_down@2x.png in Resources */ = {isa = PBXBuildFile; fileRef = EE606CD41A6E2EFF008BC3CA /* head_icon1_down@2x.png */; };
		EE606CF01A6E2EFF008BC3CA /* head_icon2@2x.png in Resources */ = {isa = PBXBuildFile; fileRef = EE606CD51A6E2EFF008BC3CA /* head_icon2@2x.png */; };
		EE606CF11A6E2EFF008BC3CA /* head_icon2_down@2x.png in Resources */ = {isa = PBXBuildFile; fileRef = EE606CD61A6E2EFF008BC3CA /* head_icon2_down@2x.png */; };
		EE606CF21A6E2EFF008BC3CA /* head_icon3@2x.png in Resources */ = {isa = PBXBuildFile; fileRef = EE606CD71A6E2EFF008BC3CA /* head_icon3@2x.png */; };
		EE606CF31A6E2EFF008BC3CA /* head_icon3_down@2x.png in Resources */ = {isa = PBXBuildFile; fileRef = EE606CD81A6E2EFF008BC3CA /* head_icon3_down@2x.png */; };
		EE606CF41A6E2EFF008BC3CA /* head_icon4@2x.png in Resources */ = {isa = PBXBuildFile; fileRef = EE606CD91A6E2EFF008BC3CA /* head_icon4@2x.png */; };
		EE606CF51A6E2EFF008BC3CA /* head_icon4_down@2x.png in Resources */ = {isa = PBXBuildFile; fileRef = EE606CDA1A6E2EFF008BC3CA /* head_icon4_down@2x.png */; };
		EE606CF61A6E2EFF008BC3CA /* head_icon5@2x.png in Resources */ = {isa = PBXBuildFile; fileRef = EE606CDB1A6E2EFF008BC3CA /* head_icon5@2x.png */; };
		EE606CF71A6E2EFF008BC3CA /* head_icon5_down@2x.png in Resources */ = {isa = PBXBuildFile; fileRef = EE606CDC1A6E2EFF008BC3CA /* head_icon5_down@2x.png */; };
		EE606CF81A6E2EFF008BC3CA /* head_icon6@2x.png in Resources */ = {isa = PBXBuildFile; fileRef = EE606CDD1A6E2EFF008BC3CA /* head_icon6@2x.png */; };
		EE606CF91A6E2EFF008BC3CA /* head_icon6_down@2x.png in Resources */ = {isa = PBXBuildFile; fileRef = EE606CDE1A6E2EFF008BC3CA /* head_icon6_down@2x.png */; };
		EE606CFA1A6E2EFF008BC3CA /* head_icon7@2x.png in Resources */ = {isa = PBXBuildFile; fileRef = EE606CDF1A6E2EFF008BC3CA /* head_icon7@2x.png */; };
		EE606CFB1A6E2EFF008BC3CA /* head_icon7_down@2x.png in Resources */ = {isa = PBXBuildFile; fileRef = EE606CE01A6E2EFF008BC3CA /* head_icon7_down@2x.png */; };
		EE606CFC1A6E2EFF008BC3CA /* head_icon8@2x.png in Resources */ = {isa = PBXBuildFile; fileRef = EE606CE11A6E2EFF008BC3CA /* head_icon8@2x.png */; };
		EE606CFD1A6E2EFF008BC3CA /* head_icon8_down@2x.png in Resources */ = {isa = PBXBuildFile; fileRef = EE606CE21A6E2EFF008BC3CA /* head_icon8_down@2x.png */; };
		EE606CFE1A6E2EFF008BC3CA /* head_icon9@2x.png in Resources */ = {isa = PBXBuildFile; fileRef = EE606CE31A6E2EFF008BC3CA /* head_icon9@2x.png */; };
		EE606CFF1A6E2EFF008BC3CA /* head_icon9_down@2x.png in Resources */ = {isa = PBXBuildFile; fileRef = EE606CE41A6E2EFF008BC3CA /* head_icon9_down@2x.png */; };
		EE606D001A6E2EFF008BC3CA /* list_icon1@2x.png in Resources */ = {isa = PBXBuildFile; fileRef = EE606CE51A6E2EFF008BC3CA /* list_icon1@2x.png */; };
		EE606D011A6E2EFF008BC3CA /* list_icon2@2x.png in Resources */ = {isa = PBXBuildFile; fileRef = EE606CE61A6E2EFF008BC3CA /* list_icon2@2x.png */; };
		EE606D021A6E2EFF008BC3CA /* list_icon3@2x.png in Resources */ = {isa = PBXBuildFile; fileRef = EE606CE71A6E2EFF008BC3CA /* list_icon3@2x.png */; };
		EE606D031A6E2EFF008BC3CA /* list_icon4@2x.png in Resources */ = {isa = PBXBuildFile; fileRef = EE606CE81A6E2EFF008BC3CA /* list_icon4@2x.png */; };
		EE606D041A6E2EFF008BC3CA /* list_icon5@2x.png in Resources */ = {isa = PBXBuildFile; fileRef = EE606CE91A6E2EFF008BC3CA /* list_icon5@2x.png */; };
		EE606D051A6E2EFF008BC3CA /* list_icon6@2x.png in Resources */ = {isa = PBXBuildFile; fileRef = EE606CEA1A6E2EFF008BC3CA /* list_icon6@2x.png */; };
		EE606D061A6E2EFF008BC3CA /* list_icon7@2x.png in Resources */ = {isa = PBXBuildFile; fileRef = EE606CEB1A6E2EFF008BC3CA /* list_icon7@2x.png */; };
		EE606D071A6E2EFF008BC3CA /* list_icon8@2x.png in Resources */ = {isa = PBXBuildFile; fileRef = EE606CEC1A6E2EFF008BC3CA /* list_icon8@2x.png */; };
		EE606D081A6E2EFF008BC3CA /* list_icon9@2x.png in Resources */ = {isa = PBXBuildFile; fileRef = EE606CED1A6E2EFF008BC3CA /* list_icon9@2x.png */; };
		EE606D0A1A6E3A7D008BC3CA /* input_box@2x.png in Resources */ = {isa = PBXBuildFile; fileRef = EE606D091A6E3A7D008BC3CA /* input_box@2x.png */; };
		EE606D0E1A6E40AD008BC3CA /* button_delete@2x.png in Resources */ = {isa = PBXBuildFile; fileRef = EE606D0D1A6E40AD008BC3CA /* button_delete@2x.png */; };
		EE9E558A1A68AD64002EC6ED /* data.json in Resources */ = {isa = PBXBuildFile; fileRef = EE9E55891A68AD64002EC6ED /* data.json */; };
		EE9E568B1A68F052002EC6ED /* IoTMainController.m in Sources */ = {isa = PBXBuildFile; fileRef = EE9E56891A68F052002EC6ED /* IoTMainController.m */; };
		EE9E568C1A68F052002EC6ED /* IoTMainController.xib in Resources */ = {isa = PBXBuildFile; fileRef = EE9E568A1A68F052002EC6ED /* IoTMainController.xib */; };
		EE9E569F1A68F397002EC6ED /* button_1@2x.png in Resources */ = {isa = PBXBuildFile; fileRef = EE9E56921A68F397002EC6ED /* button_1@2x.png */; };
		EE9E56A01A68F397002EC6ED /* button_2_1@2x.png in Resources */ = {isa = PBXBuildFile; fileRef = EE9E56931A68F397002EC6ED /* button_2_1@2x.png */; };
		EE9E56A11A68F397002EC6ED /* button_2_2@2x.png in Resources */ = {isa = PBXBuildFile; fileRef = EE9E56941A68F397002EC6ED /* button_2_2@2x.png */; };
		EE9E56A21A68F397002EC6ED /* button_3@2x.png in Resources */ = {isa = PBXBuildFile; fileRef = EE9E56951A68F397002EC6ED /* button_3@2x.png */; };
		EE9E56A31A68F397002EC6ED /* return_icon@2x.png in Resources */ = {isa = PBXBuildFile; fileRef = EE9E56961A68F397002EC6ED /* return_icon@2x.png */; };
		EE9E56A41A68F397002EC6ED /* home_bg@2x.png in Resources */ = {isa = PBXBuildFile; fileRef = EE9E56991A68F397002EC6ED /* home_bg@2x.png */; };
		EE9E56A51A68F397002EC6ED /* home_icon-06@2x.png in Resources */ = {isa = PBXBuildFile; fileRef = EE9E569A1A68F397002EC6ED /* home_icon-06@2x.png */; };
		EE9E56A61A68F397002EC6ED /* home_icon-07@2x.png in Resources */ = {isa = PBXBuildFile; fileRef = EE9E569B1A68F397002EC6ED /* home_icon-07@2x.png */; };
		EE9E56A71A68F397002EC6ED /* home_start@2x.png in Resources */ = {isa = PBXBuildFile; fileRef = EE9E569C1A68F397002EC6ED /* home_start@2x.png */; };
		EE9E56A81A68F397002EC6ED /* home_stop@2x.png in Resources */ = {isa = PBXBuildFile; fileRef = EE9E569D1A68F397002EC6ED /* home_stop@2x.png */; };
		EE9E56A91A68F397002EC6ED /* icon_menu@2x.png in Resources */ = {isa = PBXBuildFile; fileRef = EE9E569E1A68F397002EC6ED /* icon_menu@2x.png */; };
		EE9E56AE1A68FDEE002EC6ED /* IoTSubscribe.m in Sources */ = {isa = PBXBuildFile; fileRef = EE9E56AC1A68FDEE002EC6ED /* IoTSubscribe.m */; };
		EE9E56AF1A68FDEE002EC6ED /* IoTSubscribe.xib in Resources */ = {isa = PBXBuildFile; fileRef = EE9E56AD1A68FDEE002EC6ED /* IoTSubscribe.xib */; };
		EE9E56B31A690A48002EC6ED /* IoTTimingSubscribe.m in Sources */ = {isa = PBXBuildFile; fileRef = EE9E56B11A690A48002EC6ED /* IoTTimingSubscribe.m */; };
		EE9E56B41A690A48002EC6ED /* IoTTimingSubscribe.xib in Resources */ = {isa = PBXBuildFile; fileRef = EE9E56B21A690A48002EC6ED /* IoTTimingSubscribe.xib */; };
/* End PBXBuildFile section */

/* Begin PBXFileReference section */
		E20C4C521AB6A9A9009F0692 /* IoTDeviceCollectIcon.h */ = {isa = PBXFileReference; fileEncoding = 4; lastKnownFileType = sourcecode.c.h; path = IoTDeviceCollectIcon.h; sourceTree = "<group>"; };
		E20C4C531AB6A9A9009F0692 /* IoTDeviceCollectIcon.m */ = {isa = PBXFileReference; fileEncoding = 4; lastKnownFileType = sourcecode.c.objc; path = IoTDeviceCollectIcon.m; sourceTree = "<group>"; };
		E20C4C541AB6A9A9009F0692 /* IoTDeviceCollectIcon.xib */ = {isa = PBXFileReference; fileEncoding = 4; lastKnownFileType = file.xib; path = IoTDeviceCollectIcon.xib; sourceTree = "<group>"; };
		E20C4C551AB6A9A9009F0692 /* IoTDeviceCollectItem.h */ = {isa = PBXFileReference; fileEncoding = 4; lastKnownFileType = sourcecode.c.h; path = IoTDeviceCollectItem.h; sourceTree = "<group>"; };
		E20C4C561AB6A9A9009F0692 /* IoTDeviceCollectItem.m */ = {isa = PBXFileReference; fileEncoding = 4; lastKnownFileType = sourcecode.c.objc; path = IoTDeviceCollectItem.m; sourceTree = "<group>"; };
		E20C4C571AB6A9A9009F0692 /* IoTDeviceCollectItem.xib */ = {isa = PBXFileReference; fileEncoding = 4; lastKnownFileType = file.xib; path = IoTDeviceCollectItem.xib; sourceTree = "<group>"; };
		E2364B5D1A88BB1200DB07B4 /* en */ = {isa = PBXFileReference; lastKnownFileType = text.plist.strings; name = en; path = en.lproj/Localizable.strings; sourceTree = "<group>"; };
		E2364B5F1A88BB1900DB07B4 /* zh-Hans */ = {isa = PBXFileReference; lastKnownFileType = text.plist.strings; name = "zh-Hans"; path = "zh-Hans.lproj/Localizable.strings"; sourceTree = "<group>"; };
		EE06A4001A6CA981000359AC /* accessory@2x.png */ = {isa = PBXFileReference; lastKnownFileType = image.png; path = "accessory@2x.png"; sourceTree = "<group>"; };
		EE06A4031A6CB0DF000359AC /* IoTTimingSubscribeCell.h */ = {isa = PBXFileReference; fileEncoding = 4; lastKnownFileType = sourcecode.c.h; path = IoTTimingSubscribeCell.h; sourceTree = "<group>"; };
		EE06A4041A6CB0DF000359AC /* IoTTimingSubscribeCell.m */ = {isa = PBXFileReference; fileEncoding = 4; lastKnownFileType = sourcecode.c.objc; path = IoTTimingSubscribeCell.m; sourceTree = "<group>"; };
		EE06A4051A6CB0DF000359AC /* IoTTimingSubscribeCell.xib */ = {isa = PBXFileReference; fileEncoding = 4; lastKnownFileType = file.xib; path = IoTTimingSubscribeCell.xib; sourceTree = "<group>"; };
		EE06A40A1A6CE507000359AC /* MultiSelectSegmentedControl.h */ = {isa = PBXFileReference; fileEncoding = 4; lastKnownFileType = sourcecode.c.h; path = MultiSelectSegmentedControl.h; sourceTree = "<group>"; };
		EE06A40B1A6CE507000359AC /* MultiSelectSegmentedControl.m */ = {isa = PBXFileReference; fileEncoding = 4; lastKnownFileType = sourcecode.c.objc; path = MultiSelectSegmentedControl.m; sourceTree = "<group>"; };
		EE06A4101A6CECB6000359AC /* IoTTimingSelection.h */ = {isa = PBXFileReference; fileEncoding = 4; lastKnownFileType = sourcecode.c.h; path = IoTTimingSelection.h; sourceTree = "<group>"; };
		EE06A4111A6CECB6000359AC /* IoTTimingSelection.m */ = {isa = PBXFileReference; fileEncoding = 4; lastKnownFileType = sourcecode.c.objc; path = IoTTimingSelection.m; sourceTree = "<group>"; };
		EE06A4121A6CECB6000359AC /* IoTTimingSelection.xib */ = {isa = PBXFileReference; fileEncoding = 4; lastKnownFileType = file.xib; path = IoTTimingSelection.xib; sourceTree = "<group>"; };
		EE06A4151A6D04A1000359AC /* time_set@2x.png */ = {isa = PBXFileReference; lastKnownFileType = image.png; path = "time_set@2x.png"; sourceTree = "<group>"; };
		EE06A4171A6D0542000359AC /* tips_box@2x.png */ = {isa = PBXFileReference; lastKnownFileType = image.png; path = "tips_box@2x.png"; sourceTree = "<group>"; };
		EE06A4191A6D0BBD000359AC /* fault_tips_box@2x.png */ = {isa = PBXFileReference; lastKnownFileType = image.png; path = "fault_tips_box@2x.png"; sourceTree = "<group>"; };
		EE59AD7D1A6F3FE7009F587C /* IoTInputView.h */ = {isa = PBXFileReference; fileEncoding = 4; lastKnownFileType = sourcecode.c.h; path = IoTInputView.h; sourceTree = "<group>"; };
		EE59AD7E1A6F3FE7009F587C /* IoTInputView.m */ = {isa = PBXFileReference; fileEncoding = 4; lastKnownFileType = sourcecode.c.objc; path = IoTInputView.m; sourceTree = "<group>"; };
		EE59AD7F1A6F3FE7009F587C /* IoTInputView.xib */ = {isa = PBXFileReference; fileEncoding = 4; lastKnownFileType = file.xib; path = IoTInputView.xib; sourceTree = "<group>"; };
		EE59AD821A6F5159009F587C /* icon_edit@2x.png */ = {isa = PBXFileReference; lastKnownFileType = image.png; path = "icon_edit@2x.png"; sourceTree = "<group>"; };
		EE59AD841A6F5268009F587C /* top@2x.png */ = {isa = PBXFileReference; lastKnownFileType = image.png; path = "top@2x.png"; sourceTree = "<group>"; };
		EE5F5A801A679394005795A7 /* SmartSocket.app */ = {isa = PBXFileReference; explicitFileType = wrapper.application; includeInIndex = 0; path = SmartSocket.app; sourceTree = BUILT_PRODUCTS_DIR; };
		EE5F5A841A679394005795A7 /* Info.plist */ = {isa = PBXFileReference; lastKnownFileType = text.plist.xml; path = Info.plist; sourceTree = "<group>"; };
		EE5F5A851A679394005795A7 /* main.m */ = {isa = PBXFileReference; lastKnownFileType = sourcecode.c.objc; path = main.m; sourceTree = "<group>"; };
		EE5F5A871A679394005795A7 /* AppDelegate.h */ = {isa = PBXFileReference; lastKnownFileType = sourcecode.c.h; path = AppDelegate.h; sourceTree = "<group>"; };
		EE5F5A881A679394005795A7 /* AppDelegate.m */ = {isa = PBXFileReference; lastKnownFileType = sourcecode.c.objc; path = AppDelegate.m; sourceTree = "<group>"; };
		EE5F5A901A679394005795A7 /* Images.xcassets */ = {isa = PBXFileReference; lastKnownFileType = folder.assetcatalog; path = Images.xcassets; sourceTree = "<group>"; };
		EE5F5AA91A6794A6005795A7 /* SmartSocket.pch */ = {isa = PBXFileReference; lastKnownFileType = sourcecode.c.h; path = SmartSocket.pch; sourceTree = "<group>"; };
		EE5F5AAC1A6794D3005795A7 /* License.txt */ = {isa = PBXFileReference; fileEncoding = 4; lastKnownFileType = text; path = License.txt; sourceTree = "<group>"; };
		EE5F5AB11A6794D3005795A7 /* SlideNavigationContorllerAnimator.h */ = {isa = PBXFileReference; fileEncoding = 4; lastKnownFileType = sourcecode.c.h; path = SlideNavigationContorllerAnimator.h; sourceTree = "<group>"; };
		EE5F5AB21A6794D3005795A7 /* SlideNavigationContorllerAnimatorFade.h */ = {isa = PBXFileReference; fileEncoding = 4; lastKnownFileType = sourcecode.c.h; path = SlideNavigationContorllerAnimatorFade.h; sourceTree = "<group>"; };
		EE5F5AB31A6794D3005795A7 /* SlideNavigationContorllerAnimatorFade.m */ = {isa = PBXFileReference; fileEncoding = 4; lastKnownFileType = sourcecode.c.objc; path = SlideNavigationContorllerAnimatorFade.m; sourceTree = "<group>"; };
		EE5F5AB41A6794D3005795A7 /* SlideNavigationContorllerAnimatorScale.h */ = {isa = PBXFileReference; fileEncoding = 4; lastKnownFileType = sourcecode.c.h; path = SlideNavigationContorllerAnimatorScale.h; sourceTree = "<group>"; };
		EE5F5AB51A6794D3005795A7 /* SlideNavigationContorllerAnimatorScale.m */ = {isa = PBXFileReference; fileEncoding = 4; lastKnownFileType = sourcecode.c.objc; path = SlideNavigationContorllerAnimatorScale.m; sourceTree = "<group>"; };
		EE5F5AB61A6794D3005795A7 /* SlideNavigationContorllerAnimatorScaleAndFade.h */ = {isa = PBXFileReference; fileEncoding = 4; lastKnownFileType = sourcecode.c.h; path = SlideNavigationContorllerAnimatorScaleAndFade.h; sourceTree = "<group>"; };
		EE5F5AB71A6794D3005795A7 /* SlideNavigationContorllerAnimatorScaleAndFade.m */ = {isa = PBXFileReference; fileEncoding = 4; lastKnownFileType = sourcecode.c.objc; path = SlideNavigationContorllerAnimatorScaleAndFade.m; sourceTree = "<group>"; };
		EE5F5AB81A6794D3005795A7 /* SlideNavigationContorllerAnimatorSlide.h */ = {isa = PBXFileReference; fileEncoding = 4; lastKnownFileType = sourcecode.c.h; path = SlideNavigationContorllerAnimatorSlide.h; sourceTree = "<group>"; };
		EE5F5AB91A6794D3005795A7 /* SlideNavigationContorllerAnimatorSlide.m */ = {isa = PBXFileReference; fileEncoding = 4; lastKnownFileType = sourcecode.c.objc; path = SlideNavigationContorllerAnimatorSlide.m; sourceTree = "<group>"; };
		EE5F5ABA1A6794D3005795A7 /* SlideNavigationContorllerAnimatorSlideAndFade.h */ = {isa = PBXFileReference; fileEncoding = 4; lastKnownFileType = sourcecode.c.h; path = SlideNavigationContorllerAnimatorSlideAndFade.h; sourceTree = "<group>"; };
		EE5F5ABB1A6794D3005795A7 /* SlideNavigationContorllerAnimatorSlideAndFade.m */ = {isa = PBXFileReference; fileEncoding = 4; lastKnownFileType = sourcecode.c.objc; path = SlideNavigationContorllerAnimatorSlideAndFade.m; sourceTree = "<group>"; };
		EE5F5ABD1A6794D3005795A7 /* menu-button.png */ = {isa = PBXFileReference; lastKnownFileType = image.png; path = "menu-button.png"; sourceTree = "<group>"; };
		EE5F5ABE1A6794D3005795A7 /* menu-button@2x.png */ = {isa = PBXFileReference; lastKnownFileType = image.png; path = "menu-button@2x.png"; sourceTree = "<group>"; };
		EE5F5ABF1A6794D3005795A7 /* SlideNavigationController.h */ = {isa = PBXFileReference; fileEncoding = 4; lastKnownFileType = sourcecode.c.h; path = SlideNavigationController.h; sourceTree = "<group>"; };
		EE5F5AC01A6794D3005795A7 /* SlideNavigationController.m */ = {isa = PBXFileReference; fileEncoding = 4; lastKnownFileType = sourcecode.c.objc; path = SlideNavigationController.m; sourceTree = "<group>"; };
		EE5F5AC41A6794D3005795A7 /* IoTDeviceList.h */ = {isa = PBXFileReference; fileEncoding = 4; lastKnownFileType = sourcecode.c.h; path = IoTDeviceList.h; sourceTree = "<group>"; };
		EE5F5AC51A6794D3005795A7 /* IoTLogin.h */ = {isa = PBXFileReference; fileEncoding = 4; lastKnownFileType = sourcecode.c.h; path = IoTLogin.h; sourceTree = "<group>"; };
		EE5F5AC61A6794D3005795A7 /* IoTProcessModel.h */ = {isa = PBXFileReference; fileEncoding = 4; lastKnownFileType = sourcecode.c.h; path = IoTProcessModel.h; sourceTree = "<group>"; };
		EE5F5AC71A6794D3005795A7 /* IoTProcessModule.bundle */ = {isa = PBXFileReference; lastKnownFileType = "wrapper.plug-in"; path = IoTProcessModule.bundle; sourceTree = "<group>"; };
		EE5F5AC81A6794D3005795A7 /* libIoTProcessModel.a */ = {isa = PBXFileReference; lastKnownFileType = archive.ar; path = libIoTProcessModel.a; sourceTree = "<group>"; };
		EE5F5ACA1A6794D3005795A7 /* MBProgressHUD.h */ = {isa = PBXFileReference; fileEncoding = 4; lastKnownFileType = sourcecode.c.h; path = MBProgressHUD.h; sourceTree = "<group>"; };
		EE5F5ACD1A6794D3005795A7 /* aes.h */ = {isa = PBXFileReference; fileEncoding = 4; lastKnownFileType = sourcecode.c.h; path = aes.h; sourceTree = "<group>"; };
		EE5F5ACE1A6794D3005795A7 /* asn1.h */ = {isa = PBXFileReference; fileEncoding = 4; lastKnownFileType = sourcecode.c.h; path = asn1.h; sourceTree = "<group>"; };
		EE5F5ACF1A6794D3005795A7 /* asn1_mac.h */ = {isa = PBXFileReference; fileEncoding = 4; lastKnownFileType = sourcecode.c.h; path = asn1_mac.h; sourceTree = "<group>"; };
		EE5F5AD01A6794D3005795A7 /* asn1t.h */ = {isa = PBXFileReference; fileEncoding = 4; lastKnownFileType = sourcecode.c.h; path = asn1t.h; sourceTree = "<group>"; };
		EE5F5AD11A6794D3005795A7 /* bio.h */ = {isa = PBXFileReference; fileEncoding = 4; lastKnownFileType = sourcecode.c.h; path = bio.h; sourceTree = "<group>"; };
		EE5F5AD21A6794D3005795A7 /* blowfish.h */ = {isa = PBXFileReference; fileEncoding = 4; lastKnownFileType = sourcecode.c.h; path = blowfish.h; sourceTree = "<group>"; };
		EE5F5AD31A6794D3005795A7 /* bn.h */ = {isa = PBXFileReference; fileEncoding = 4; lastKnownFileType = sourcecode.c.h; path = bn.h; sourceTree = "<group>"; };
		EE5F5AD41A6794D3005795A7 /* buffer.h */ = {isa = PBXFileReference; fileEncoding = 4; lastKnownFileType = sourcecode.c.h; path = buffer.h; sourceTree = "<group>"; };
		EE5F5AD51A6794D3005795A7 /* camellia.h */ = {isa = PBXFileReference; fileEncoding = 4; lastKnownFileType = sourcecode.c.h; path = camellia.h; sourceTree = "<group>"; };
		EE5F5AD61A6794D3005795A7 /* cast.h */ = {isa = PBXFileReference; fileEncoding = 4; lastKnownFileType = sourcecode.c.h; path = cast.h; sourceTree = "<group>"; };
		EE5F5AD71A6794D3005795A7 /* cmac.h */ = {isa = PBXFileReference; fileEncoding = 4; lastKnownFileType = sourcecode.c.h; path = cmac.h; sourceTree = "<group>"; };
		EE5F5AD81A6794D3005795A7 /* cms.h */ = {isa = PBXFileReference; fileEncoding = 4; lastKnownFileType = sourcecode.c.h; path = cms.h; sourceTree = "<group>"; };
		EE5F5AD91A6794D3005795A7 /* comp.h */ = {isa = PBXFileReference; fileEncoding = 4; lastKnownFileType = sourcecode.c.h; path = comp.h; sourceTree = "<group>"; };
		EE5F5ADA1A6794D3005795A7 /* conf.h */ = {isa = PBXFileReference; fileEncoding = 4; lastKnownFileType = sourcecode.c.h; path = conf.h; sourceTree = "<group>"; };
		EE5F5ADB1A6794D3005795A7 /* conf_api.h */ = {isa = PBXFileReference; fileEncoding = 4; lastKnownFileType = sourcecode.c.h; path = conf_api.h; sourceTree = "<group>"; };
		EE5F5ADC1A6794D3005795A7 /* crypto.h */ = {isa = PBXFileReference; fileEncoding = 4; lastKnownFileType = sourcecode.c.h; path = crypto.h; sourceTree = "<group>"; };
		EE5F5ADD1A6794D3005795A7 /* des.h */ = {isa = PBXFileReference; fileEncoding = 4; lastKnownFileType = sourcecode.c.h; path = des.h; sourceTree = "<group>"; };
		EE5F5ADE1A6794D3005795A7 /* des_old.h */ = {isa = PBXFileReference; fileEncoding = 4; lastKnownFileType = sourcecode.c.h; path = des_old.h; sourceTree = "<group>"; };
		EE5F5ADF1A6794D3005795A7 /* dh.h */ = {isa = PBXFileReference; fileEncoding = 4; lastKnownFileType = sourcecode.c.h; path = dh.h; sourceTree = "<group>"; };
		EE5F5AE01A6794D3005795A7 /* dsa.h */ = {isa = PBXFileReference; fileEncoding = 4; lastKnownFileType = sourcecode.c.h; path = dsa.h; sourceTree = "<group>"; };
		EE5F5AE11A6794D3005795A7 /* dso.h */ = {isa = PBXFileReference; fileEncoding = 4; lastKnownFileType = sourcecode.c.h; path = dso.h; sourceTree = "<group>"; };
		EE5F5AE21A6794D3005795A7 /* dtls1.h */ = {isa = PBXFileReference; fileEncoding = 4; lastKnownFileType = sourcecode.c.h; path = dtls1.h; sourceTree = "<group>"; };
		EE5F5AE31A6794D3005795A7 /* e_os2.h */ = {isa = PBXFileReference; fileEncoding = 4; lastKnownFileType = sourcecode.c.h; path = e_os2.h; sourceTree = "<group>"; };
		EE5F5AE41A6794D3005795A7 /* ebcdic.h */ = {isa = PBXFileReference; fileEncoding = 4; lastKnownFileType = sourcecode.c.h; path = ebcdic.h; sourceTree = "<group>"; };
		EE5F5AE51A6794D3005795A7 /* ec.h */ = {isa = PBXFileReference; fileEncoding = 4; lastKnownFileType = sourcecode.c.h; path = ec.h; sourceTree = "<group>"; };
		EE5F5AE61A6794D3005795A7 /* ecdh.h */ = {isa = PBXFileReference; fileEncoding = 4; lastKnownFileType = sourcecode.c.h; path = ecdh.h; sourceTree = "<group>"; };
		EE5F5AE71A6794D3005795A7 /* ecdsa.h */ = {isa = PBXFileReference; fileEncoding = 4; lastKnownFileType = sourcecode.c.h; path = ecdsa.h; sourceTree = "<group>"; };
		EE5F5AE81A6794D3005795A7 /* engine.h */ = {isa = PBXFileReference; fileEncoding = 4; lastKnownFileType = sourcecode.c.h; path = engine.h; sourceTree = "<group>"; };
		EE5F5AE91A6794D3005795A7 /* err.h */ = {isa = PBXFileReference; fileEncoding = 4; lastKnownFileType = sourcecode.c.h; path = err.h; sourceTree = "<group>"; };
		EE5F5AEA1A6794D3005795A7 /* evp.h */ = {isa = PBXFileReference; fileEncoding = 4; lastKnownFileType = sourcecode.c.h; path = evp.h; sourceTree = "<group>"; };
		EE5F5AEB1A6794D3005795A7 /* hmac.h */ = {isa = PBXFileReference; fileEncoding = 4; lastKnownFileType = sourcecode.c.h; path = hmac.h; sourceTree = "<group>"; };
		EE5F5AEC1A6794D3005795A7 /* idea.h */ = {isa = PBXFileReference; fileEncoding = 4; lastKnownFileType = sourcecode.c.h; path = idea.h; sourceTree = "<group>"; };
		EE5F5AED1A6794D3005795A7 /* krb5_asn.h */ = {isa = PBXFileReference; fileEncoding = 4; lastKnownFileType = sourcecode.c.h; path = krb5_asn.h; sourceTree = "<group>"; };
		EE5F5AEE1A6794D3005795A7 /* kssl.h */ = {isa = PBXFileReference; fileEncoding = 4; lastKnownFileType = sourcecode.c.h; path = kssl.h; sourceTree = "<group>"; };
		EE5F5AEF1A6794D3005795A7 /* lhash.h */ = {isa = PBXFileReference; fileEncoding = 4; lastKnownFileType = sourcecode.c.h; path = lhash.h; sourceTree = "<group>"; };
		EE5F5AF01A6794D3005795A7 /* md4.h */ = {isa = PBXFileReference; fileEncoding = 4; lastKnownFileType = sourcecode.c.h; path = md4.h; sourceTree = "<group>"; };
		EE5F5AF11A6794D3005795A7 /* md5.h */ = {isa = PBXFileReference; fileEncoding = 4; lastKnownFileType = sourcecode.c.h; path = md5.h; sourceTree = "<group>"; };
		EE5F5AF21A6794D3005795A7 /* mdc2.h */ = {isa = PBXFileReference; fileEncoding = 4; lastKnownFileType = sourcecode.c.h; path = mdc2.h; sourceTree = "<group>"; };
		EE5F5AF31A6794D3005795A7 /* modes.h */ = {isa = PBXFileReference; fileEncoding = 4; lastKnownFileType = sourcecode.c.h; path = modes.h; sourceTree = "<group>"; };
		EE5F5AF41A6794D3005795A7 /* obj_mac.h */ = {isa = PBXFileReference; fileEncoding = 4; lastKnownFileType = sourcecode.c.h; path = obj_mac.h; sourceTree = "<group>"; };
		EE5F5AF51A6794D3005795A7 /* objects.h */ = {isa = PBXFileReference; fileEncoding = 4; lastKnownFileType = sourcecode.c.h; path = objects.h; sourceTree = "<group>"; };
		EE5F5AF61A6794D3005795A7 /* ocsp.h */ = {isa = PBXFileReference; fileEncoding = 4; lastKnownFileType = sourcecode.c.h; path = ocsp.h; sourceTree = "<group>"; };
		EE5F5AF71A6794D3005795A7 /* opensslconf.h */ = {isa = PBXFileReference; fileEncoding = 4; lastKnownFileType = sourcecode.c.h; path = opensslconf.h; sourceTree = "<group>"; };
		EE5F5AF81A6794D3005795A7 /* opensslv.h */ = {isa = PBXFileReference; fileEncoding = 4; lastKnownFileType = sourcecode.c.h; path = opensslv.h; sourceTree = "<group>"; };
		EE5F5AF91A6794D3005795A7 /* ossl_typ.h */ = {isa = PBXFileReference; fileEncoding = 4; lastKnownFileType = sourcecode.c.h; path = ossl_typ.h; sourceTree = "<group>"; };
		EE5F5AFA1A6794D3005795A7 /* pem.h */ = {isa = PBXFileReference; fileEncoding = 4; lastKnownFileType = sourcecode.c.h; path = pem.h; sourceTree = "<group>"; };
		EE5F5AFB1A6794D3005795A7 /* pem2.h */ = {isa = PBXFileReference; fileEncoding = 4; lastKnownFileType = sourcecode.c.h; path = pem2.h; sourceTree = "<group>"; };
		EE5F5AFC1A6794D3005795A7 /* pkcs12.h */ = {isa = PBXFileReference; fileEncoding = 4; lastKnownFileType = sourcecode.c.h; path = pkcs12.h; sourceTree = "<group>"; };
		EE5F5AFD1A6794D3005795A7 /* pkcs7.h */ = {isa = PBXFileReference; fileEncoding = 4; lastKnownFileType = sourcecode.c.h; path = pkcs7.h; sourceTree = "<group>"; };
		EE5F5AFE1A6794D3005795A7 /* pqueue.h */ = {isa = PBXFileReference; fileEncoding = 4; lastKnownFileType = sourcecode.c.h; path = pqueue.h; sourceTree = "<group>"; };
		EE5F5AFF1A6794D3005795A7 /* rand.h */ = {isa = PBXFileReference; fileEncoding = 4; lastKnownFileType = sourcecode.c.h; path = rand.h; sourceTree = "<group>"; };
		EE5F5B001A6794D3005795A7 /* rc2.h */ = {isa = PBXFileReference; fileEncoding = 4; lastKnownFileType = sourcecode.c.h; path = rc2.h; sourceTree = "<group>"; };
		EE5F5B011A6794D3005795A7 /* rc4.h */ = {isa = PBXFileReference; fileEncoding = 4; lastKnownFileType = sourcecode.c.h; path = rc4.h; sourceTree = "<group>"; };
		EE5F5B021A6794D3005795A7 /* ripemd.h */ = {isa = PBXFileReference; fileEncoding = 4; lastKnownFileType = sourcecode.c.h; path = ripemd.h; sourceTree = "<group>"; };
		EE5F5B031A6794D3005795A7 /* rsa.h */ = {isa = PBXFileReference; fileEncoding = 4; lastKnownFileType = sourcecode.c.h; path = rsa.h; sourceTree = "<group>"; };
		EE5F5B041A6794D3005795A7 /* safestack.h */ = {isa = PBXFileReference; fileEncoding = 4; lastKnownFileType = sourcecode.c.h; path = safestack.h; sourceTree = "<group>"; };
		EE5F5B051A6794D3005795A7 /* seed.h */ = {isa = PBXFileReference; fileEncoding = 4; lastKnownFileType = sourcecode.c.h; path = seed.h; sourceTree = "<group>"; };
		EE5F5B061A6794D3005795A7 /* sha.h */ = {isa = PBXFileReference; fileEncoding = 4; lastKnownFileType = sourcecode.c.h; path = sha.h; sourceTree = "<group>"; };
		EE5F5B071A6794D3005795A7 /* srp.h */ = {isa = PBXFileReference; fileEncoding = 4; lastKnownFileType = sourcecode.c.h; path = srp.h; sourceTree = "<group>"; };
		EE5F5B081A6794D3005795A7 /* srtp.h */ = {isa = PBXFileReference; fileEncoding = 4; lastKnownFileType = sourcecode.c.h; path = srtp.h; sourceTree = "<group>"; };
		EE5F5B091A6794D3005795A7 /* ssl.h */ = {isa = PBXFileReference; fileEncoding = 4; lastKnownFileType = sourcecode.c.h; path = ssl.h; sourceTree = "<group>"; };
		EE5F5B0A1A6794D3005795A7 /* ssl2.h */ = {isa = PBXFileReference; fileEncoding = 4; lastKnownFileType = sourcecode.c.h; path = ssl2.h; sourceTree = "<group>"; };
		EE5F5B0B1A6794D3005795A7 /* ssl23.h */ = {isa = PBXFileReference; fileEncoding = 4; lastKnownFileType = sourcecode.c.h; path = ssl23.h; sourceTree = "<group>"; };
		EE5F5B0C1A6794D3005795A7 /* ssl3.h */ = {isa = PBXFileReference; fileEncoding = 4; lastKnownFileType = sourcecode.c.h; path = ssl3.h; sourceTree = "<group>"; };
		EE5F5B0D1A6794D3005795A7 /* stack.h */ = {isa = PBXFileReference; fileEncoding = 4; lastKnownFileType = sourcecode.c.h; path = stack.h; sourceTree = "<group>"; };
		EE5F5B0E1A6794D3005795A7 /* symhacks.h */ = {isa = PBXFileReference; fileEncoding = 4; lastKnownFileType = sourcecode.c.h; path = symhacks.h; sourceTree = "<group>"; };
		EE5F5B0F1A6794D3005795A7 /* tls1.h */ = {isa = PBXFileReference; fileEncoding = 4; lastKnownFileType = sourcecode.c.h; path = tls1.h; sourceTree = "<group>"; };
		EE5F5B101A6794D3005795A7 /* ts.h */ = {isa = PBXFileReference; fileEncoding = 4; lastKnownFileType = sourcecode.c.h; path = ts.h; sourceTree = "<group>"; };
		EE5F5B111A6794D3005795A7 /* txt_db.h */ = {isa = PBXFileReference; fileEncoding = 4; lastKnownFileType = sourcecode.c.h; path = txt_db.h; sourceTree = "<group>"; };
		EE5F5B121A6794D3005795A7 /* ui.h */ = {isa = PBXFileReference; fileEncoding = 4; lastKnownFileType = sourcecode.c.h; path = ui.h; sourceTree = "<group>"; };
		EE5F5B131A6794D3005795A7 /* ui_compat.h */ = {isa = PBXFileReference; fileEncoding = 4; lastKnownFileType = sourcecode.c.h; path = ui_compat.h; sourceTree = "<group>"; };
		EE5F5B141A6794D3005795A7 /* whrlpool.h */ = {isa = PBXFileReference; fileEncoding = 4; lastKnownFileType = sourcecode.c.h; path = whrlpool.h; sourceTree = "<group>"; };
		EE5F5B151A6794D3005795A7 /* x509.h */ = {isa = PBXFileReference; fileEncoding = 4; lastKnownFileType = sourcecode.c.h; path = x509.h; sourceTree = "<group>"; };
		EE5F5B161A6794D3005795A7 /* x509_vfy.h */ = {isa = PBXFileReference; fileEncoding = 4; lastKnownFileType = sourcecode.c.h; path = x509_vfy.h; sourceTree = "<group>"; };
		EE5F5B171A6794D3005795A7 /* x509v3.h */ = {isa = PBXFileReference; fileEncoding = 4; lastKnownFileType = sourcecode.c.h; path = x509v3.h; sourceTree = "<group>"; };
		EE5F5B191A6794D3005795A7 /* libcrypto.a */ = {isa = PBXFileReference; lastKnownFileType = archive.ar; path = libcrypto.a; sourceTree = "<group>"; };
		EE5F5B1A1A6794D3005795A7 /* libssl.a */ = {isa = PBXFileReference; lastKnownFileType = archive.ar; path = libssl.a; sourceTree = "<group>"; };
		EE5F5B1C1A6794D3005795A7 /* UICircularSlider.h */ = {isa = PBXFileReference; fileEncoding = 4; lastKnownFileType = sourcecode.c.h; path = UICircularSlider.h; sourceTree = "<group>"; };
		EE5F5B1D1A6794D3005795A7 /* UICircularSlider.m */ = {isa = PBXFileReference; fileEncoding = 4; lastKnownFileType = sourcecode.c.objc; path = UICircularSlider.m; sourceTree = "<group>"; };
		EE5F5B1F1A6794D3005795A7 /* XPGWifiSDK.framework */ = {isa = PBXFileReference; lastKnownFileType = wrapper.framework; path = XPGWifiSDK.framework; sourceTree = "<group>"; };
		EE5F5B241A6794D3005795A7 /* Decoder.h */ = {isa = PBXFileReference; fileEncoding = 4; lastKnownFileType = sourcecode.c.h; path = Decoder.h; sourceTree = "<group>"; };
		EE5F5B251A6794D3005795A7 /* Exception.h */ = {isa = PBXFileReference; fileEncoding = 4; lastKnownFileType = sourcecode.c.h; path = Exception.h; sourceTree = "<group>"; };
		EE5F5B261A6794D3005795A7 /* Image.h */ = {isa = PBXFileReference; fileEncoding = 4; lastKnownFileType = sourcecode.c.h; path = Image.h; sourceTree = "<group>"; };
		EE5F5B271A6794D3005795A7 /* ImageScanner.h */ = {isa = PBXFileReference; fileEncoding = 4; lastKnownFileType = sourcecode.c.h; path = ImageScanner.h; sourceTree = "<group>"; };
		EE5F5B281A6794D3005795A7 /* Processor.h */ = {isa = PBXFileReference; fileEncoding = 4; lastKnownFileType = sourcecode.c.h; path = Processor.h; sourceTree = "<group>"; };
		EE5F5B291A6794D3005795A7 /* Scanner.h */ = {isa = PBXFileReference; fileEncoding = 4; lastKnownFileType = sourcecode.c.h; path = Scanner.h; sourceTree = "<group>"; };
		EE5F5B2A1A6794D3005795A7 /* Symbol.h */ = {isa = PBXFileReference; fileEncoding = 4; lastKnownFileType = sourcecode.c.h; path = Symbol.h; sourceTree = "<group>"; };
		EE5F5B2B1A6794D3005795A7 /* Video.h */ = {isa = PBXFileReference; fileEncoding = 4; lastKnownFileType = sourcecode.c.h; path = Video.h; sourceTree = "<group>"; };
		EE5F5B2C1A6794D3005795A7 /* Window.h */ = {isa = PBXFileReference; fileEncoding = 4; lastKnownFileType = sourcecode.c.h; path = Window.h; sourceTree = "<group>"; };
		EE5F5B2D1A6794D3005795A7 /* zbar.h */ = {isa = PBXFileReference; fileEncoding = 4; lastKnownFileType = sourcecode.c.h; path = zbar.h; sourceTree = "<group>"; };
		EE5F5B2E1A6794D3005795A7 /* ZBarCameraSimulator.h */ = {isa = PBXFileReference; fileEncoding = 4; lastKnownFileType = sourcecode.c.h; path = ZBarCameraSimulator.h; sourceTree = "<group>"; };
		EE5F5B2F1A6794D3005795A7 /* ZBarCaptureReader.h */ = {isa = PBXFileReference; fileEncoding = 4; lastKnownFileType = sourcecode.c.h; path = ZBarCaptureReader.h; sourceTree = "<group>"; };
		EE5F5B301A6794D3005795A7 /* ZBarHelpController.h */ = {isa = PBXFileReference; fileEncoding = 4; lastKnownFileType = sourcecode.c.h; path = ZBarHelpController.h; sourceTree = "<group>"; };
		EE5F5B311A6794D3005795A7 /* ZBarImage.h */ = {isa = PBXFileReference; fileEncoding = 4; lastKnownFileType = sourcecode.c.h; path = ZBarImage.h; sourceTree = "<group>"; };
		EE5F5B321A6794D3005795A7 /* ZBarImageScanner.h */ = {isa = PBXFileReference; fileEncoding = 4; lastKnownFileType = sourcecode.c.h; path = ZBarImageScanner.h; sourceTree = "<group>"; };
		EE5F5B331A6794D3005795A7 /* ZBarReaderController.h */ = {isa = PBXFileReference; fileEncoding = 4; lastKnownFileType = sourcecode.c.h; path = ZBarReaderController.h; sourceTree = "<group>"; };
		EE5F5B341A6794D3005795A7 /* ZBarReaderView.h */ = {isa = PBXFileReference; fileEncoding = 4; lastKnownFileType = sourcecode.c.h; path = ZBarReaderView.h; sourceTree = "<group>"; };
		EE5F5B351A6794D3005795A7 /* ZBarReaderViewController.h */ = {isa = PBXFileReference; fileEncoding = 4; lastKnownFileType = sourcecode.c.h; path = ZBarReaderViewController.h; sourceTree = "<group>"; };
		EE5F5B361A6794D3005795A7 /* ZBarSDK.h */ = {isa = PBXFileReference; fileEncoding = 4; lastKnownFileType = sourcecode.c.h; path = ZBarSDK.h; sourceTree = "<group>"; };
		EE5F5B371A6794D3005795A7 /* ZBarSymbol.h */ = {isa = PBXFileReference; fileEncoding = 4; lastKnownFileType = sourcecode.c.h; path = ZBarSymbol.h; sourceTree = "<group>"; };
		EE5F5B391A6794D3005795A7 /* zbar-back.png */ = {isa = PBXFileReference; lastKnownFileType = image.png; path = "zbar-back.png"; sourceTree = "<group>"; };
		EE5F5B3A1A6794D3005795A7 /* zbar-help.html */ = {isa = PBXFileReference; fileEncoding = 4; lastKnownFileType = text.html; path = "zbar-help.html"; sourceTree = "<group>"; };
		EE5F5B3B1A6794D3005795A7 /* zbar-helpicons.png */ = {isa = PBXFileReference; lastKnownFileType = image.png; path = "zbar-helpicons.png"; sourceTree = "<group>"; };
		EE5F5B3C1A6794D3005795A7 /* zbar-samples.png */ = {isa = PBXFileReference; lastKnownFileType = image.png; path = "zbar-samples.png"; sourceTree = "<group>"; };
		EE5F5B511A679814005795A7 /* SystemConfiguration.framework */ = {isa = PBXFileReference; lastKnownFileType = wrapper.framework; name = SystemConfiguration.framework; path = System/Library/Frameworks/SystemConfiguration.framework; sourceTree = SDKROOT; };
		EE5F5B531A67981A005795A7 /* libc++.dylib */ = {isa = PBXFileReference; lastKnownFileType = "compiled.mach-o.dylib"; name = "libc++.dylib"; path = "usr/lib/libc++.dylib"; sourceTree = SDKROOT; };
		EE5F5B551A679821005795A7 /* libiconv.dylib */ = {isa = PBXFileReference; lastKnownFileType = "compiled.mach-o.dylib"; name = libiconv.dylib; path = usr/lib/libiconv.dylib; sourceTree = SDKROOT; };
		EE5F5B581A679F2A005795A7 /* AVFoundation.framework */ = {isa = PBXFileReference; lastKnownFileType = wrapper.framework; name = AVFoundation.framework; path = System/Library/Frameworks/AVFoundation.framework; sourceTree = SDKROOT; };
		EE5F5B5A1A679F35005795A7 /* CoreMedia.framework */ = {isa = PBXFileReference; lastKnownFileType = wrapper.framework; name = CoreMedia.framework; path = System/Library/Frameworks/CoreMedia.framework; sourceTree = SDKROOT; };
		EE5F5B651A67B74E005795A7 /* IoTAccountManager.h */ = {isa = PBXFileReference; fileEncoding = 4; lastKnownFileType = sourcecode.c.h; path = IoTAccountManager.h; sourceTree = "<group>"; };
		EE5F5B661A67B74E005795A7 /* IoTAccountManager.m */ = {isa = PBXFileReference; fileEncoding = 4; lastKnownFileType = sourcecode.c.objc; path = IoTAccountManager.m; sourceTree = "<group>"; };
		EE5F5B671A67B74E005795A7 /* IoTAccountManager.xib */ = {isa = PBXFileReference; fileEncoding = 4; lastKnownFileType = file.xib; path = IoTAccountManager.xib; sourceTree = "<group>"; };
		EE5F5B681A67B74E005795A7 /* IoTChangePassword.h */ = {isa = PBXFileReference; fileEncoding = 4; lastKnownFileType = sourcecode.c.h; path = IoTChangePassword.h; sourceTree = "<group>"; };
		EE5F5B691A67B74E005795A7 /* IoTChangePassword.m */ = {isa = PBXFileReference; fileEncoding = 4; lastKnownFileType = sourcecode.c.objc; path = IoTChangePassword.m; sourceTree = "<group>"; };
		EE5F5B6A1A67B74E005795A7 /* IoTChangePassword.xib */ = {isa = PBXFileReference; fileEncoding = 4; lastKnownFileType = file.xib; path = IoTChangePassword.xib; sourceTree = "<group>"; };
		EE5F5B6C1A67B74E005795A7 /* IoTDeviceDetail.h */ = {isa = PBXFileReference; fileEncoding = 4; lastKnownFileType = sourcecode.c.h; path = IoTDeviceDetail.h; sourceTree = "<group>"; };
		EE5F5B6D1A67B74E005795A7 /* IoTDeviceDetail.m */ = {isa = PBXFileReference; fileEncoding = 4; lastKnownFileType = sourcecode.c.objc; path = IoTDeviceDetail.m; sourceTree = "<group>"; };
		EE5F5B6E1A67B74E005795A7 /* IoTDeviceDetail.xib */ = {isa = PBXFileReference; fileEncoding = 4; lastKnownFileType = file.xib; path = IoTDeviceDetail.xib; sourceTree = "<group>"; };
		EE5F5B6F1A67B74E005795A7 /* IoTDeviceManager.h */ = {isa = PBXFileReference; fileEncoding = 4; lastKnownFileType = sourcecode.c.h; path = IoTDeviceManager.h; sourceTree = "<group>"; };
		EE5F5B701A67B74E005795A7 /* IoTDeviceManager.m */ = {isa = PBXFileReference; fileEncoding = 4; lastKnownFileType = sourcecode.c.objc; path = IoTDeviceManager.m; sourceTree = "<group>"; };
		EE5F5B711A67B74E005795A7 /* IoTDeviceManager.xib */ = {isa = PBXFileReference; fileEncoding = 4; lastKnownFileType = file.xib; path = IoTDeviceManager.xib; sourceTree = "<group>"; };
		EE5F5B721A67B74E005795A7 /* IoTAbout.h */ = {isa = PBXFileReference; fileEncoding = 4; lastKnownFileType = sourcecode.c.h; path = IoTAbout.h; sourceTree = "<group>"; };
		EE5F5B731A67B74E005795A7 /* IoTAbout.m */ = {isa = PBXFileReference; fileEncoding = 4; lastKnownFileType = sourcecode.c.objc; path = IoTAbout.m; sourceTree = "<group>"; };
		EE5F5B741A67B74E005795A7 /* IoTAbout.xib */ = {isa = PBXFileReference; fileEncoding = 4; lastKnownFileType = file.xib; path = IoTAbout.xib; sourceTree = "<group>"; };
		EE5F5B751A67B74E005795A7 /* IoTHelp.h */ = {isa = PBXFileReference; fileEncoding = 4; lastKnownFileType = sourcecode.c.h; path = IoTHelp.h; sourceTree = "<group>"; };
		EE5F5B761A67B74E005795A7 /* IoTHelp.m */ = {isa = PBXFileReference; fileEncoding = 4; lastKnownFileType = sourcecode.c.objc; path = IoTHelp.m; sourceTree = "<group>"; };
		EE5F5B771A67B74E005795A7 /* IoTHelp.xib */ = {isa = PBXFileReference; fileEncoding = 4; lastKnownFileType = file.xib; path = IoTHelp.xib; sourceTree = "<group>"; };
		EE5F5B781A67B74E005795A7 /* IoTHelpDetail.h */ = {isa = PBXFileReference; fileEncoding = 4; lastKnownFileType = sourcecode.c.h; path = IoTHelpDetail.h; sourceTree = "<group>"; };
		EE5F5B791A67B74E005795A7 /* IoTHelpDetail.m */ = {isa = PBXFileReference; fileEncoding = 4; lastKnownFileType = sourcecode.c.objc; path = IoTHelpDetail.m; sourceTree = "<group>"; };
		EE5F5B7A1A67B74E005795A7 /* IoTHelpDetail.xib */ = {isa = PBXFileReference; fileEncoding = 4; lastKnownFileType = file.xib; path = IoTHelpDetail.xib; sourceTree = "<group>"; };
		EE5F5B7B1A67B74E005795A7 /* IoTMainMenu.h */ = {isa = PBXFileReference; fileEncoding = 4; lastKnownFileType = sourcecode.c.h; path = IoTMainMenu.h; sourceTree = "<group>"; };
		EE5F5B7C1A67B74E005795A7 /* IoTMainMenu.m */ = {isa = PBXFileReference; fileEncoding = 4; lastKnownFileType = sourcecode.c.objc; path = IoTMainMenu.m; sourceTree = "<group>"; };
		EE5F5B7D1A67B74E005795A7 /* IoTMainMenu.xib */ = {isa = PBXFileReference; fileEncoding = 4; lastKnownFileType = file.xib; path = IoTMainMenu.xib; sourceTree = "<group>"; };
		EE5F5B8E1A67B7D1005795A7 /* IoTAlertView.h */ = {isa = PBXFileReference; fileEncoding = 4; lastKnownFileType = sourcecode.c.h; path = IoTAlertView.h; sourceTree = "<group>"; };
		EE5F5B8F1A67B7D1005795A7 /* IoTAlertView.m */ = {isa = PBXFileReference; fileEncoding = 4; lastKnownFileType = sourcecode.c.objc; path = IoTAlertView.m; sourceTree = "<group>"; };
		EE5F5B901A67B7D1005795A7 /* IoTAlertView.xib */ = {isa = PBXFileReference; fileEncoding = 4; lastKnownFileType = file.xib; path = IoTAlertView.xib; sourceTree = "<group>"; };
		EE606CBA1A6E078C008BC3CA /* device_list-32@2x.png */ = {isa = PBXFileReference; lastKnownFileType = image.png; path = "device_list-32@2x.png"; sourceTree = "<group>"; };
		EE606CBB1A6E078C008BC3CA /* menu_icon-11@2x.png */ = {isa = PBXFileReference; lastKnownFileType = image.png; path = "menu_icon-11@2x.png"; sourceTree = "<group>"; };
		EE606CBC1A6E078C008BC3CA /* menu_icon-14@2x.png */ = {isa = PBXFileReference; lastKnownFileType = image.png; path = "menu_icon-14@2x.png"; sourceTree = "<group>"; };
		EE606CBD1A6E078C008BC3CA /* menu_icon-17@2x.png */ = {isa = PBXFileReference; lastKnownFileType = image.png; path = "menu_icon-17@2x.png"; sourceTree = "<group>"; };
		EE606CBE1A6E078C008BC3CA /* menu_icon@2x.png */ = {isa = PBXFileReference; lastKnownFileType = image.png; path = "menu_icon@2x.png"; sourceTree = "<group>"; };
		EE606CC61A6E097E008BC3CA /* about@2x.png */ = {isa = PBXFileReference; lastKnownFileType = image.png; path = "about@2x.png"; sourceTree = "<group>"; };
		EE606CC81A6E097E008BC3CA /* about@3x.png */ = {isa = PBXFileReference; lastKnownFileType = image.png; path = "about@3x.png"; sourceTree = "<group>"; };
		EE606CCE1A6E2A6D008BC3CA /* IoTPhotoRecorder.h */ = {isa = PBXFileReference; fileEncoding = 4; lastKnownFileType = sourcecode.c.h; path = IoTPhotoRecorder.h; sourceTree = "<group>"; };
		EE606CCF1A6E2A6D008BC3CA /* IoTPhotoRecorder.m */ = {isa = PBXFileReference; fileEncoding = 4; lastKnownFileType = sourcecode.c.objc; path = IoTPhotoRecorder.m; sourceTree = "<group>"; };
		EE606CD31A6E2EFF008BC3CA /* head_icon1@2x.png */ = {isa = PBXFileReference; lastKnownFileType = image.png; path = "head_icon1@2x.png"; sourceTree = "<group>"; };
		EE606CD41A6E2EFF008BC3CA /* head_icon1_down@2x.png */ = {isa = PBXFileReference; lastKnownFileType = image.png; path = "head_icon1_down@2x.png"; sourceTree = "<group>"; };
		EE606CD51A6E2EFF008BC3CA /* head_icon2@2x.png */ = {isa = PBXFileReference; lastKnownFileType = image.png; path = "head_icon2@2x.png"; sourceTree = "<group>"; };
		EE606CD61A6E2EFF008BC3CA /* head_icon2_down@2x.png */ = {isa = PBXFileReference; lastKnownFileType = image.png; path = "head_icon2_down@2x.png"; sourceTree = "<group>"; };
		EE606CD71A6E2EFF008BC3CA /* head_icon3@2x.png */ = {isa = PBXFileReference; lastKnownFileType = image.png; path = "head_icon3@2x.png"; sourceTree = "<group>"; };
		EE606CD81A6E2EFF008BC3CA /* head_icon3_down@2x.png */ = {isa = PBXFileReference; lastKnownFileType = image.png; path = "head_icon3_down@2x.png"; sourceTree = "<group>"; };
		EE606CD91A6E2EFF008BC3CA /* head_icon4@2x.png */ = {isa = PBXFileReference; lastKnownFileType = image.png; path = "head_icon4@2x.png"; sourceTree = "<group>"; };
		EE606CDA1A6E2EFF008BC3CA /* head_icon4_down@2x.png */ = {isa = PBXFileReference; lastKnownFileType = image.png; path = "head_icon4_down@2x.png"; sourceTree = "<group>"; };
		EE606CDB1A6E2EFF008BC3CA /* head_icon5@2x.png */ = {isa = PBXFileReference; lastKnownFileType = image.png; path = "head_icon5@2x.png"; sourceTree = "<group>"; };
		EE606CDC1A6E2EFF008BC3CA /* head_icon5_down@2x.png */ = {isa = PBXFileReference; lastKnownFileType = image.png; path = "head_icon5_down@2x.png"; sourceTree = "<group>"; };
		EE606CDD1A6E2EFF008BC3CA /* head_icon6@2x.png */ = {isa = PBXFileReference; lastKnownFileType = image.png; path = "head_icon6@2x.png"; sourceTree = "<group>"; };
		EE606CDE1A6E2EFF008BC3CA /* head_icon6_down@2x.png */ = {isa = PBXFileReference; lastKnownFileType = image.png; path = "head_icon6_down@2x.png"; sourceTree = "<group>"; };
		EE606CDF1A6E2EFF008BC3CA /* head_icon7@2x.png */ = {isa = PBXFileReference; lastKnownFileType = image.png; path = "head_icon7@2x.png"; sourceTree = "<group>"; };
		EE606CE01A6E2EFF008BC3CA /* head_icon7_down@2x.png */ = {isa = PBXFileReference; lastKnownFileType = image.png; path = "head_icon7_down@2x.png"; sourceTree = "<group>"; };
		EE606CE11A6E2EFF008BC3CA /* head_icon8@2x.png */ = {isa = PBXFileReference; lastKnownFileType = image.png; path = "head_icon8@2x.png"; sourceTree = "<group>"; };
		EE606CE21A6E2EFF008BC3CA /* head_icon8_down@2x.png */ = {isa = PBXFileReference; lastKnownFileType = image.png; path = "head_icon8_down@2x.png"; sourceTree = "<group>"; };
		EE606CE31A6E2EFF008BC3CA /* head_icon9@2x.png */ = {isa = PBXFileReference; lastKnownFileType = image.png; path = "head_icon9@2x.png"; sourceTree = "<group>"; };
		EE606CE41A6E2EFF008BC3CA /* head_icon9_down@2x.png */ = {isa = PBXFileReference; lastKnownFileType = image.png; path = "head_icon9_down@2x.png"; sourceTree = "<group>"; };
		EE606CE51A6E2EFF008BC3CA /* list_icon1@2x.png */ = {isa = PBXFileReference; lastKnownFileType = image.png; path = "list_icon1@2x.png"; sourceTree = "<group>"; };
		EE606CE61A6E2EFF008BC3CA /* list_icon2@2x.png */ = {isa = PBXFileReference; lastKnownFileType = image.png; path = "list_icon2@2x.png"; sourceTree = "<group>"; };
		EE606CE71A6E2EFF008BC3CA /* list_icon3@2x.png */ = {isa = PBXFileReference; lastKnownFileType = image.png; path = "list_icon3@2x.png"; sourceTree = "<group>"; };
		EE606CE81A6E2EFF008BC3CA /* list_icon4@2x.png */ = {isa = PBXFileReference; lastKnownFileType = image.png; path = "list_icon4@2x.png"; sourceTree = "<group>"; };
		EE606CE91A6E2EFF008BC3CA /* list_icon5@2x.png */ = {isa = PBXFileReference; lastKnownFileType = image.png; path = "list_icon5@2x.png"; sourceTree = "<group>"; };
		EE606CEA1A6E2EFF008BC3CA /* list_icon6@2x.png */ = {isa = PBXFileReference; lastKnownFileType = image.png; path = "list_icon6@2x.png"; sourceTree = "<group>"; };
		EE606CEB1A6E2EFF008BC3CA /* list_icon7@2x.png */ = {isa = PBXFileReference; lastKnownFileType = image.png; path = "list_icon7@2x.png"; sourceTree = "<group>"; };
		EE606CEC1A6E2EFF008BC3CA /* list_icon8@2x.png */ = {isa = PBXFileReference; lastKnownFileType = image.png; path = "list_icon8@2x.png"; sourceTree = "<group>"; };
		EE606CED1A6E2EFF008BC3CA /* list_icon9@2x.png */ = {isa = PBXFileReference; lastKnownFileType = image.png; path = "list_icon9@2x.png"; sourceTree = "<group>"; };
		EE606D091A6E3A7D008BC3CA /* input_box@2x.png */ = {isa = PBXFileReference; lastKnownFileType = image.png; path = "input_box@2x.png"; sourceTree = "<group>"; };
		EE606D0D1A6E40AD008BC3CA /* button_delete@2x.png */ = {isa = PBXFileReference; lastKnownFileType = image.png; path = "button_delete@2x.png"; sourceTree = "<group>"; };
		EE9E55891A68AD64002EC6ED /* data.json */ = {isa = PBXFileReference; fileEncoding = 4; lastKnownFileType = text.json; path = data.json; sourceTree = "<group>"; };
		EE9E56881A68F052002EC6ED /* IoTMainController.h */ = {isa = PBXFileReference; fileEncoding = 4; lastKnownFileType = sourcecode.c.h; path = IoTMainController.h; sourceTree = "<group>"; };
		EE9E56891A68F052002EC6ED /* IoTMainController.m */ = {isa = PBXFileReference; fileEncoding = 4; lastKnownFileType = sourcecode.c.objc; path = IoTMainController.m; sourceTree = "<group>"; };
		EE9E568A1A68F052002EC6ED /* IoTMainController.xib */ = {isa = PBXFileReference; fileEncoding = 4; lastKnownFileType = file.xib; path = IoTMainController.xib; sourceTree = "<group>"; };
		EE9E56921A68F397002EC6ED /* button_1@2x.png */ = {isa = PBXFileReference; lastKnownFileType = image.png; path = "button_1@2x.png"; sourceTree = "<group>"; };
		EE9E56931A68F397002EC6ED /* button_2_1@2x.png */ = {isa = PBXFileReference; lastKnownFileType = image.png; path = "button_2_1@2x.png"; sourceTree = "<group>"; };
		EE9E56941A68F397002EC6ED /* button_2_2@2x.png */ = {isa = PBXFileReference; lastKnownFileType = image.png; path = "button_2_2@2x.png"; sourceTree = "<group>"; };
		EE9E56951A68F397002EC6ED /* button_3@2x.png */ = {isa = PBXFileReference; lastKnownFileType = image.png; path = "button_3@2x.png"; sourceTree = "<group>"; };
		EE9E56961A68F397002EC6ED /* return_icon@2x.png */ = {isa = PBXFileReference; lastKnownFileType = image.png; path = "return_icon@2x.png"; sourceTree = "<group>"; };
		EE9E56991A68F397002EC6ED /* home_bg@2x.png */ = {isa = PBXFileReference; lastKnownFileType = image.png; path = "home_bg@2x.png"; sourceTree = "<group>"; };
		EE9E569A1A68F397002EC6ED /* home_icon-06@2x.png */ = {isa = PBXFileReference; lastKnownFileType = image.png; path = "home_icon-06@2x.png"; sourceTree = "<group>"; };
		EE9E569B1A68F397002EC6ED /* home_icon-07@2x.png */ = {isa = PBXFileReference; lastKnownFileType = image.png; path = "home_icon-07@2x.png"; sourceTree = "<group>"; };
		EE9E569C1A68F397002EC6ED /* home_start@2x.png */ = {isa = PBXFileReference; lastKnownFileType = image.png; path = "home_start@2x.png"; sourceTree = "<group>"; };
		EE9E569D1A68F397002EC6ED /* home_stop@2x.png */ = {isa = PBXFileReference; lastKnownFileType = image.png; path = "home_stop@2x.png"; sourceTree = "<group>"; };
		EE9E569E1A68F397002EC6ED /* icon_menu@2x.png */ = {isa = PBXFileReference; lastKnownFileType = image.png; path = "icon_menu@2x.png"; sourceTree = "<group>"; };
		EE9E56AB1A68FDEE002EC6ED /* IoTSubscribe.h */ = {isa = PBXFileReference; fileEncoding = 4; lastKnownFileType = sourcecode.c.h; path = IoTSubscribe.h; sourceTree = "<group>"; };
		EE9E56AC1A68FDEE002EC6ED /* IoTSubscribe.m */ = {isa = PBXFileReference; fileEncoding = 4; lastKnownFileType = sourcecode.c.objc; path = IoTSubscribe.m; sourceTree = "<group>"; };
		EE9E56AD1A68FDEE002EC6ED /* IoTSubscribe.xib */ = {isa = PBXFileReference; fileEncoding = 4; lastKnownFileType = file.xib; path = IoTSubscribe.xib; sourceTree = "<group>"; };
		EE9E56B01A690A48002EC6ED /* IoTTimingSubscribe.h */ = {isa = PBXFileReference; fileEncoding = 4; lastKnownFileType = sourcecode.c.h; path = IoTTimingSubscribe.h; sourceTree = "<group>"; };
		EE9E56B11A690A48002EC6ED /* IoTTimingSubscribe.m */ = {isa = PBXFileReference; fileEncoding = 4; lastKnownFileType = sourcecode.c.objc; path = IoTTimingSubscribe.m; sourceTree = "<group>"; };
		EE9E56B21A690A48002EC6ED /* IoTTimingSubscribe.xib */ = {isa = PBXFileReference; fileEncoding = 4; lastKnownFileType = file.xib; path = IoTTimingSubscribe.xib; sourceTree = "<group>"; };
/* End PBXFileReference section */

/* Begin PBXFrameworksBuildPhase section */
		EE5F5A7D1A679394005795A7 /* Frameworks */ = {
			isa = PBXFrameworksBuildPhase;
			buildActionMask = 2147483647;
			files = (
				EE5F5B5B1A679F35005795A7 /* CoreMedia.framework in Frameworks */,
				EE5F5B591A679F2A005795A7 /* AVFoundation.framework in Frameworks */,
				EE5F5B561A679821005795A7 /* libiconv.dylib in Frameworks */,
				EE5F5B541A67981A005795A7 /* libc++.dylib in Frameworks */,
				EE5F5B521A679814005795A7 /* SystemConfiguration.framework in Frameworks */,
				EE5F5B4C1A6794D3005795A7 /* XPGWifiSDK.framework in Frameworks */,
				EE5F5B491A6794D3005795A7 /* libcrypto.a in Frameworks */,
				EE5F5B481A6794D3005795A7 /* libIoTProcessModel.a in Frameworks */,
				EE5F5B4A1A6794D3005795A7 /* libssl.a in Frameworks */,
			);
			runOnlyForDeploymentPostprocessing = 0;
		};
/* End PBXFrameworksBuildPhase section */

/* Begin PBXGroup section */
		EE06A4021A6CB0A1000359AC /* Cells */ = {
			isa = PBXGroup;
			children = (
				EE06A4031A6CB0DF000359AC /* IoTTimingSubscribeCell.h */,
				EE06A4041A6CB0DF000359AC /* IoTTimingSubscribeCell.m */,
				EE06A4051A6CB0DF000359AC /* IoTTimingSubscribeCell.xib */,
			);
			path = Cells;
			sourceTree = "<group>";
		};
		EE06A4091A6CE507000359AC /* MultiSelectSegmentedControl */ = {
			isa = PBXGroup;
			children = (
				EE06A40A1A6CE507000359AC /* MultiSelectSegmentedControl.h */,
				EE06A40B1A6CE507000359AC /* MultiSelectSegmentedControl.m */,
			);
			path = MultiSelectSegmentedControl;
			sourceTree = "<group>";
		};
		EE5F5A771A679394005795A7 = {
			isa = PBXGroup;
			children = (
				EE5F5A821A679394005795A7 /* SmartSocket */,
				EE5F5A811A679394005795A7 /* Products */,
			);
			sourceTree = "<group>";
		};
		EE5F5A811A679394005795A7 /* Products */ = {
			isa = PBXGroup;
			children = (
				EE5F5A801A679394005795A7 /* SmartSocket.app */,
			);
			name = Products;
			sourceTree = "<group>";
		};
		EE5F5A821A679394005795A7 /* SmartSocket */ = {
			isa = PBXGroup;
			children = (
				EE9E55881A68AD64002EC6ED /* Resources */,
				EE5F5B621A67B74E005795A7 /* Main */,
				EE5F5AAA1A6794D3005795A7 /* Utils */,
				EE5F5A871A679394005795A7 /* AppDelegate.h */,
				EE5F5A881A679394005795A7 /* AppDelegate.m */,
				EE5F5A901A679394005795A7 /* Images.xcassets */,
				EE5F5A831A679394005795A7 /* Supporting Files */,
			);
			path = SmartSocket;
			sourceTree = "<group>";
		};
		EE5F5A831A679394005795A7 /* Supporting Files */ = {
			isa = PBXGroup;
			children = (
				E2364B5C1A88BB1200DB07B4 /* Localizable.strings */,
				EE5F5B5A1A679F35005795A7 /* CoreMedia.framework */,
				EE5F5B581A679F2A005795A7 /* AVFoundation.framework */,
				EE5F5B551A679821005795A7 /* libiconv.dylib */,
				EE5F5B531A67981A005795A7 /* libc++.dylib */,
				EE5F5B511A679814005795A7 /* SystemConfiguration.framework */,
				EE5F5AA91A6794A6005795A7 /* SmartSocket.pch */,
				EE5F5A841A679394005795A7 /* Info.plist */,
				EE5F5A851A679394005795A7 /* main.m */,
			);
			name = "Supporting Files";
			sourceTree = "<group>";
		};
		EE5F5AAA1A6794D3005795A7 /* Utils */ = {
			isa = PBXGroup;
			children = (
				EE06A4091A6CE507000359AC /* MultiSelectSegmentedControl */,
				EE5F5AAB1A6794D3005795A7 /* iOS-Slide-Menu */,
				EE5F5AC11A6794D3005795A7 /* IoTProcessModel */,
				EE5F5AC91A6794D3005795A7 /* MBProgressHUD */,
				EE5F5ACB1A6794D3005795A7 /* OpenSSL-Universal */,
				EE5F5B1B1A6794D3005795A7 /* UICircularSlider */,
				EE5F5B1E1A6794D3005795A7 /* XPGWifiSDK */,
				EE5F5B201A6794D3005795A7 /* ZBarSDK */,
			);
			path = Utils;
			sourceTree = SOURCE_ROOT;
		};
		EE5F5AAB1A6794D3005795A7 /* iOS-Slide-Menu */ = {
			isa = PBXGroup;
			children = (
				EE5F5AAC1A6794D3005795A7 /* License.txt */,
				EE5F5AAE1A6794D3005795A7 /* SlideMenu */,
			);
			path = "iOS-Slide-Menu";
			sourceTree = "<group>";
		};
		EE5F5AAE1A6794D3005795A7 /* SlideMenu */ = {
			isa = PBXGroup;
			children = (
				EE5F5AAF1A6794D3005795A7 /* Source */,
			);
			path = SlideMenu;
			sourceTree = "<group>";
		};
		EE5F5AAF1A6794D3005795A7 /* Source */ = {
			isa = PBXGroup;
			children = (
				EE5F5AB01A6794D3005795A7 /* Animations */,
				EE5F5ABC1A6794D3005795A7 /* Assets */,
				EE5F5ABF1A6794D3005795A7 /* SlideNavigationController.h */,
				EE5F5AC01A6794D3005795A7 /* SlideNavigationController.m */,
			);
			path = Source;
			sourceTree = "<group>";
		};
		EE5F5AB01A6794D3005795A7 /* Animations */ = {
			isa = PBXGroup;
			children = (
				EE5F5AB11A6794D3005795A7 /* SlideNavigationContorllerAnimator.h */,
				EE5F5AB21A6794D3005795A7 /* SlideNavigationContorllerAnimatorFade.h */,
				EE5F5AB31A6794D3005795A7 /* SlideNavigationContorllerAnimatorFade.m */,
				EE5F5AB41A6794D3005795A7 /* SlideNavigationContorllerAnimatorScale.h */,
				EE5F5AB51A6794D3005795A7 /* SlideNavigationContorllerAnimatorScale.m */,
				EE5F5AB61A6794D3005795A7 /* SlideNavigationContorllerAnimatorScaleAndFade.h */,
				EE5F5AB71A6794D3005795A7 /* SlideNavigationContorllerAnimatorScaleAndFade.m */,
				EE5F5AB81A6794D3005795A7 /* SlideNavigationContorllerAnimatorSlide.h */,
				EE5F5AB91A6794D3005795A7 /* SlideNavigationContorllerAnimatorSlide.m */,
				EE5F5ABA1A6794D3005795A7 /* SlideNavigationContorllerAnimatorSlideAndFade.h */,
				EE5F5ABB1A6794D3005795A7 /* SlideNavigationContorllerAnimatorSlideAndFade.m */,
			);
			path = Animations;
			sourceTree = "<group>";
		};
		EE5F5ABC1A6794D3005795A7 /* Assets */ = {
			isa = PBXGroup;
			children = (
				EE5F5ABD1A6794D3005795A7 /* menu-button.png */,
				EE5F5ABE1A6794D3005795A7 /* menu-button@2x.png */,
			);
			path = Assets;
			sourceTree = "<group>";
		};
		EE5F5AC11A6794D3005795A7 /* IoTProcessModel */ = {
			isa = PBXGroup;
			children = (
				EE5F5AC21A6794D3005795A7 /* include */,
				EE5F5AC71A6794D3005795A7 /* IoTProcessModule.bundle */,
				EE5F5AC81A6794D3005795A7 /* libIoTProcessModel.a */,
			);
			path = IoTProcessModel;
			sourceTree = "<group>";
		};
		EE5F5AC21A6794D3005795A7 /* include */ = {
			isa = PBXGroup;
			children = (
				EE5F5AC31A6794D3005795A7 /* IoTProcessModel */,
			);
			path = include;
			sourceTree = "<group>";
		};
		EE5F5AC31A6794D3005795A7 /* IoTProcessModel */ = {
			isa = PBXGroup;
			children = (
				EE5F5AC41A6794D3005795A7 /* IoTDeviceList.h */,
				EE5F5AC51A6794D3005795A7 /* IoTLogin.h */,
				EE5F5AC61A6794D3005795A7 /* IoTProcessModel.h */,
			);
			path = IoTProcessModel;
			sourceTree = "<group>";
		};
		EE5F5AC91A6794D3005795A7 /* MBProgressHUD */ = {
			isa = PBXGroup;
			children = (
				EE5F5ACA1A6794D3005795A7 /* MBProgressHUD.h */,
			);
			path = MBProgressHUD;
			sourceTree = "<group>";
		};
		EE5F5ACB1A6794D3005795A7 /* OpenSSL-Universal */ = {
			isa = PBXGroup;
			children = (
				EE5F5ACC1A6794D3005795A7 /* Include */,
				EE5F5B181A6794D3005795A7 /* library */,
			);
			path = "OpenSSL-Universal";
			sourceTree = "<group>";
		};
		EE5F5ACC1A6794D3005795A7 /* Include */ = {
			isa = PBXGroup;
			children = (
				EE5F5ACD1A6794D3005795A7 /* aes.h */,
				EE5F5ACE1A6794D3005795A7 /* asn1.h */,
				EE5F5ACF1A6794D3005795A7 /* asn1_mac.h */,
				EE5F5AD01A6794D3005795A7 /* asn1t.h */,
				EE5F5AD11A6794D3005795A7 /* bio.h */,
				EE5F5AD21A6794D3005795A7 /* blowfish.h */,
				EE5F5AD31A6794D3005795A7 /* bn.h */,
				EE5F5AD41A6794D3005795A7 /* buffer.h */,
				EE5F5AD51A6794D3005795A7 /* camellia.h */,
				EE5F5AD61A6794D3005795A7 /* cast.h */,
				EE5F5AD71A6794D3005795A7 /* cmac.h */,
				EE5F5AD81A6794D3005795A7 /* cms.h */,
				EE5F5AD91A6794D3005795A7 /* comp.h */,
				EE5F5ADA1A6794D3005795A7 /* conf.h */,
				EE5F5ADB1A6794D3005795A7 /* conf_api.h */,
				EE5F5ADC1A6794D3005795A7 /* crypto.h */,
				EE5F5ADD1A6794D3005795A7 /* des.h */,
				EE5F5ADE1A6794D3005795A7 /* des_old.h */,
				EE5F5ADF1A6794D3005795A7 /* dh.h */,
				EE5F5AE01A6794D3005795A7 /* dsa.h */,
				EE5F5AE11A6794D3005795A7 /* dso.h */,
				EE5F5AE21A6794D3005795A7 /* dtls1.h */,
				EE5F5AE31A6794D3005795A7 /* e_os2.h */,
				EE5F5AE41A6794D3005795A7 /* ebcdic.h */,
				EE5F5AE51A6794D3005795A7 /* ec.h */,
				EE5F5AE61A6794D3005795A7 /* ecdh.h */,
				EE5F5AE71A6794D3005795A7 /* ecdsa.h */,
				EE5F5AE81A6794D3005795A7 /* engine.h */,
				EE5F5AE91A6794D3005795A7 /* err.h */,
				EE5F5AEA1A6794D3005795A7 /* evp.h */,
				EE5F5AEB1A6794D3005795A7 /* hmac.h */,
				EE5F5AEC1A6794D3005795A7 /* idea.h */,
				EE5F5AED1A6794D3005795A7 /* krb5_asn.h */,
				EE5F5AEE1A6794D3005795A7 /* kssl.h */,
				EE5F5AEF1A6794D3005795A7 /* lhash.h */,
				EE5F5AF01A6794D3005795A7 /* md4.h */,
				EE5F5AF11A6794D3005795A7 /* md5.h */,
				EE5F5AF21A6794D3005795A7 /* mdc2.h */,
				EE5F5AF31A6794D3005795A7 /* modes.h */,
				EE5F5AF41A6794D3005795A7 /* obj_mac.h */,
				EE5F5AF51A6794D3005795A7 /* objects.h */,
				EE5F5AF61A6794D3005795A7 /* ocsp.h */,
				EE5F5AF71A6794D3005795A7 /* opensslconf.h */,
				EE5F5AF81A6794D3005795A7 /* opensslv.h */,
				EE5F5AF91A6794D3005795A7 /* ossl_typ.h */,
				EE5F5AFA1A6794D3005795A7 /* pem.h */,
				EE5F5AFB1A6794D3005795A7 /* pem2.h */,
				EE5F5AFC1A6794D3005795A7 /* pkcs12.h */,
				EE5F5AFD1A6794D3005795A7 /* pkcs7.h */,
				EE5F5AFE1A6794D3005795A7 /* pqueue.h */,
				EE5F5AFF1A6794D3005795A7 /* rand.h */,
				EE5F5B001A6794D3005795A7 /* rc2.h */,
				EE5F5B011A6794D3005795A7 /* rc4.h */,
				EE5F5B021A6794D3005795A7 /* ripemd.h */,
				EE5F5B031A6794D3005795A7 /* rsa.h */,
				EE5F5B041A6794D3005795A7 /* safestack.h */,
				EE5F5B051A6794D3005795A7 /* seed.h */,
				EE5F5B061A6794D3005795A7 /* sha.h */,
				EE5F5B071A6794D3005795A7 /* srp.h */,
				EE5F5B081A6794D3005795A7 /* srtp.h */,
				EE5F5B091A6794D3005795A7 /* ssl.h */,
				EE5F5B0A1A6794D3005795A7 /* ssl2.h */,
				EE5F5B0B1A6794D3005795A7 /* ssl23.h */,
				EE5F5B0C1A6794D3005795A7 /* ssl3.h */,
				EE5F5B0D1A6794D3005795A7 /* stack.h */,
				EE5F5B0E1A6794D3005795A7 /* symhacks.h */,
				EE5F5B0F1A6794D3005795A7 /* tls1.h */,
				EE5F5B101A6794D3005795A7 /* ts.h */,
				EE5F5B111A6794D3005795A7 /* txt_db.h */,
				EE5F5B121A6794D3005795A7 /* ui.h */,
				EE5F5B131A6794D3005795A7 /* ui_compat.h */,
				EE5F5B141A6794D3005795A7 /* whrlpool.h */,
				EE5F5B151A6794D3005795A7 /* x509.h */,
				EE5F5B161A6794D3005795A7 /* x509_vfy.h */,
				EE5F5B171A6794D3005795A7 /* x509v3.h */,
			);
			path = Include;
			sourceTree = "<group>";
		};
		EE5F5B181A6794D3005795A7 /* library */ = {
			isa = PBXGroup;
			children = (
				EE5F5B191A6794D3005795A7 /* libcrypto.a */,
				EE5F5B1A1A6794D3005795A7 /* libssl.a */,
			);
			path = library;
			sourceTree = "<group>";
		};
		EE5F5B1B1A6794D3005795A7 /* UICircularSlider */ = {
			isa = PBXGroup;
			children = (
				EE5F5B1C1A6794D3005795A7 /* UICircularSlider.h */,
				EE5F5B1D1A6794D3005795A7 /* UICircularSlider.m */,
			);
			path = UICircularSlider;
			sourceTree = "<group>";
		};
		EE5F5B1E1A6794D3005795A7 /* XPGWifiSDK */ = {
			isa = PBXGroup;
			children = (
				EE5F5B1F1A6794D3005795A7 /* XPGWifiSDK.framework */,
			);
			path = XPGWifiSDK;
			sourceTree = "<group>";
		};
		EE5F5B201A6794D3005795A7 /* ZBarSDK */ = {
			isa = PBXGroup;
			children = (
				EE5F5B211A6794D3005795A7 /* Headers */,
				EE5F5B381A6794D3005795A7 /* Resources */,
			);
			path = ZBarSDK;
			sourceTree = "<group>";
		};
		EE5F5B211A6794D3005795A7 /* Headers */ = {
			isa = PBXGroup;
			children = (
				EE5F5B221A6794D3005795A7 /* ZBarSDK */,
			);
			path = Headers;
			sourceTree = "<group>";
		};
		EE5F5B221A6794D3005795A7 /* ZBarSDK */ = {
			isa = PBXGroup;
			children = (
				EE5F5B231A6794D3005795A7 /* zbar */,
				EE5F5B2D1A6794D3005795A7 /* zbar.h */,
				EE5F5B2E1A6794D3005795A7 /* ZBarCameraSimulator.h */,
				EE5F5B2F1A6794D3005795A7 /* ZBarCaptureReader.h */,
				EE5F5B301A6794D3005795A7 /* ZBarHelpController.h */,
				EE5F5B311A6794D3005795A7 /* ZBarImage.h */,
				EE5F5B321A6794D3005795A7 /* ZBarImageScanner.h */,
				EE5F5B331A6794D3005795A7 /* ZBarReaderController.h */,
				EE5F5B341A6794D3005795A7 /* ZBarReaderView.h */,
				EE5F5B351A6794D3005795A7 /* ZBarReaderViewController.h */,
				EE5F5B361A6794D3005795A7 /* ZBarSDK.h */,
				EE5F5B371A6794D3005795A7 /* ZBarSymbol.h */,
			);
			path = ZBarSDK;
			sourceTree = "<group>";
		};
		EE5F5B231A6794D3005795A7 /* zbar */ = {
			isa = PBXGroup;
			children = (
				EE5F5B241A6794D3005795A7 /* Decoder.h */,
				EE5F5B251A6794D3005795A7 /* Exception.h */,
				EE5F5B261A6794D3005795A7 /* Image.h */,
				EE5F5B271A6794D3005795A7 /* ImageScanner.h */,
				EE5F5B281A6794D3005795A7 /* Processor.h */,
				EE5F5B291A6794D3005795A7 /* Scanner.h */,
				EE5F5B2A1A6794D3005795A7 /* Symbol.h */,
				EE5F5B2B1A6794D3005795A7 /* Video.h */,
				EE5F5B2C1A6794D3005795A7 /* Window.h */,
			);
			path = zbar;
			sourceTree = "<group>";
		};
		EE5F5B381A6794D3005795A7 /* Resources */ = {
			isa = PBXGroup;
			children = (
				EE5F5B391A6794D3005795A7 /* zbar-back.png */,
				EE5F5B3A1A6794D3005795A7 /* zbar-help.html */,
				EE5F5B3B1A6794D3005795A7 /* zbar-helpicons.png */,
				EE5F5B3C1A6794D3005795A7 /* zbar-samples.png */,
			);
			path = Resources;
			sourceTree = "<group>";
		};
		EE5F5B621A67B74E005795A7 /* Main */ = {
			isa = PBXGroup;
			children = (
				EE06A4021A6CB0A1000359AC /* Cells */,
				EE9E56881A68F052002EC6ED /* IoTMainController.h */,
				EE9E56891A68F052002EC6ED /* IoTMainController.m */,
				EE9E568A1A68F052002EC6ED /* IoTMainController.xib */,
				EE5F5B8E1A67B7D1005795A7 /* IoTAlertView.h */,
				EE5F5B8F1A67B7D1005795A7 /* IoTAlertView.m */,
				EE5F5B901A67B7D1005795A7 /* IoTAlertView.xib */,
				EE9E56AB1A68FDEE002EC6ED /* IoTSubscribe.h */,
				EE9E56AC1A68FDEE002EC6ED /* IoTSubscribe.m */,
				EE9E56AD1A68FDEE002EC6ED /* IoTSubscribe.xib */,
				EE06A4101A6CECB6000359AC /* IoTTimingSelection.h */,
				EE06A4111A6CECB6000359AC /* IoTTimingSelection.m */,
				EE06A4121A6CECB6000359AC /* IoTTimingSelection.xib */,
				EE9E56B01A690A48002EC6ED /* IoTTimingSubscribe.h */,
				EE9E56B11A690A48002EC6ED /* IoTTimingSubscribe.m */,
				EE9E56B21A690A48002EC6ED /* IoTTimingSubscribe.xib */,
				EE5F5B631A67B74E005795A7 /* Menu */,
				EE59AD7D1A6F3FE7009F587C /* IoTInputView.h */,
				EE59AD7E1A6F3FE7009F587C /* IoTInputView.m */,
				EE59AD7F1A6F3FE7009F587C /* IoTInputView.xib */,
			);
			path = Main;
			sourceTree = "<group>";
		};
		EE5F5B631A67B74E005795A7 /* Menu */ = {
			isa = PBXGroup;
			children = (
				EE606CCD1A6E2A55008BC3CA /* Photo */,
				EE5F5B641A67B74E005795A7 /* AccountManager */,
				EE5F5B6B1A67B74E005795A7 /* DeviceManager */,
				EE5F5B721A67B74E005795A7 /* IoTAbout.h */,
				EE5F5B731A67B74E005795A7 /* IoTAbout.m */,
				EE5F5B741A67B74E005795A7 /* IoTAbout.xib */,
				EE5F5B751A67B74E005795A7 /* IoTHelp.h */,
				EE5F5B761A67B74E005795A7 /* IoTHelp.m */,
				EE5F5B771A67B74E005795A7 /* IoTHelp.xib */,
				EE5F5B781A67B74E005795A7 /* IoTHelpDetail.h */,
				EE5F5B791A67B74E005795A7 /* IoTHelpDetail.m */,
				EE5F5B7A1A67B74E005795A7 /* IoTHelpDetail.xib */,
				EE5F5B7B1A67B74E005795A7 /* IoTMainMenu.h */,
				EE5F5B7C1A67B74E005795A7 /* IoTMainMenu.m */,
				EE5F5B7D1A67B74E005795A7 /* IoTMainMenu.xib */,
			);
			path = Menu;
			sourceTree = "<group>";
		};
		EE5F5B641A67B74E005795A7 /* AccountManager */ = {
			isa = PBXGroup;
			children = (
				EE5F5B651A67B74E005795A7 /* IoTAccountManager.h */,
				EE5F5B661A67B74E005795A7 /* IoTAccountManager.m */,
				EE5F5B671A67B74E005795A7 /* IoTAccountManager.xib */,
				EE5F5B681A67B74E005795A7 /* IoTChangePassword.h */,
				EE5F5B691A67B74E005795A7 /* IoTChangePassword.m */,
				EE5F5B6A1A67B74E005795A7 /* IoTChangePassword.xib */,
			);
			path = AccountManager;
			sourceTree = "<group>";
		};
		EE5F5B6B1A67B74E005795A7 /* DeviceManager */ = {
			isa = PBXGroup;
			children = (
				EE5F5B6C1A67B74E005795A7 /* IoTDeviceDetail.h */,
				EE5F5B6D1A67B74E005795A7 /* IoTDeviceDetail.m */,
				EE5F5B6E1A67B74E005795A7 /* IoTDeviceDetail.xib */,
				EE5F5B6F1A67B74E005795A7 /* IoTDeviceManager.h */,
				EE5F5B701A67B74E005795A7 /* IoTDeviceManager.m */,
				EE5F5B711A67B74E005795A7 /* IoTDeviceManager.xib */,
				E20C4C521AB6A9A9009F0692 /* IoTDeviceCollectIcon.h */,
				E20C4C531AB6A9A9009F0692 /* IoTDeviceCollectIcon.m */,
				E20C4C541AB6A9A9009F0692 /* IoTDeviceCollectIcon.xib */,
				E20C4C551AB6A9A9009F0692 /* IoTDeviceCollectItem.h */,
				E20C4C561AB6A9A9009F0692 /* IoTDeviceCollectItem.m */,
				E20C4C571AB6A9A9009F0692 /* IoTDeviceCollectItem.xib */,
			);
			path = DeviceManager;
			sourceTree = "<group>";
		};
		EE606CB81A6E078C008BC3CA /* menu */ = {
			isa = PBXGroup;
			children = (
				EE606CB91A6E078C008BC3CA /* 2x */,
			);
			path = menu;
			sourceTree = "<group>";
		};
		EE606CB91A6E078C008BC3CA /* 2x */ = {
			isa = PBXGroup;
			children = (
				EE606CBA1A6E078C008BC3CA /* device_list-32@2x.png */,
				EE606CBB1A6E078C008BC3CA /* menu_icon-11@2x.png */,
				EE606CBC1A6E078C008BC3CA /* menu_icon-14@2x.png */,
				EE606CBD1A6E078C008BC3CA /* menu_icon-17@2x.png */,
				EE606CBE1A6E078C008BC3CA /* menu_icon@2x.png */,
			);
			path = 2x;
			sourceTree = "<group>";
		};
		EE606CC41A6E097E008BC3CA /* about */ = {
			isa = PBXGroup;
			children = (
				EE606CC51A6E097E008BC3CA /* 2x */,
				EE606CC71A6E097E008BC3CA /* 3x */,
			);
			path = about;
			sourceTree = "<group>";
		};
		EE606CC51A6E097E008BC3CA /* 2x */ = {
			isa = PBXGroup;
			children = (
				EE606CC61A6E097E008BC3CA /* about@2x.png */,
			);
			path = 2x;
			sourceTree = "<group>";
		};
		EE606CC71A6E097E008BC3CA /* 3x */ = {
			isa = PBXGroup;
			children = (
				EE606CC81A6E097E008BC3CA /* about@3x.png */,
			);
			path = 3x;
			sourceTree = "<group>";
		};
		EE606CCD1A6E2A55008BC3CA /* Photo */ = {
			isa = PBXGroup;
			children = (
				EE606CCE1A6E2A6D008BC3CA /* IoTPhotoRecorder.h */,
				EE606CCF1A6E2A6D008BC3CA /* IoTPhotoRecorder.m */,
			);
			path = Photo;
			sourceTree = "<group>";
		};
		EE606CD11A6E2EFF008BC3CA /* devices */ = {
			isa = PBXGroup;
			children = (
				EE606CD21A6E2EFF008BC3CA /* 2x */,
			);
			path = devices;
			sourceTree = "<group>";
		};
		EE606CD21A6E2EFF008BC3CA /* 2x */ = {
			isa = PBXGroup;
			children = (
				EE59AD821A6F5159009F587C /* icon_edit@2x.png */,
				EE606D0D1A6E40AD008BC3CA /* button_delete@2x.png */,
				EE606D091A6E3A7D008BC3CA /* input_box@2x.png */,
				EE606CD31A6E2EFF008BC3CA /* head_icon1@2x.png */,
				EE606CD41A6E2EFF008BC3CA /* head_icon1_down@2x.png */,
				EE606CD51A6E2EFF008BC3CA /* head_icon2@2x.png */,
				EE606CD61A6E2EFF008BC3CA /* head_icon2_down@2x.png */,
				EE606CD71A6E2EFF008BC3CA /* head_icon3@2x.png */,
				EE606CD81A6E2EFF008BC3CA /* head_icon3_down@2x.png */,
				EE606CD91A6E2EFF008BC3CA /* head_icon4@2x.png */,
				EE606CDA1A6E2EFF008BC3CA /* head_icon4_down@2x.png */,
				EE606CDB1A6E2EFF008BC3CA /* head_icon5@2x.png */,
				EE606CDC1A6E2EFF008BC3CA /* head_icon5_down@2x.png */,
				EE606CDD1A6E2EFF008BC3CA /* head_icon6@2x.png */,
				EE606CDE1A6E2EFF008BC3CA /* head_icon6_down@2x.png */,
				EE606CDF1A6E2EFF008BC3CA /* head_icon7@2x.png */,
				EE606CE01A6E2EFF008BC3CA /* head_icon7_down@2x.png */,
				EE606CE11A6E2EFF008BC3CA /* head_icon8@2x.png */,
				EE606CE21A6E2EFF008BC3CA /* head_icon8_down@2x.png */,
				EE606CE31A6E2EFF008BC3CA /* head_icon9@2x.png */,
				EE606CE41A6E2EFF008BC3CA /* head_icon9_down@2x.png */,
				EE606CE51A6E2EFF008BC3CA /* list_icon1@2x.png */,
				EE606CE61A6E2EFF008BC3CA /* list_icon2@2x.png */,
				EE606CE71A6E2EFF008BC3CA /* list_icon3@2x.png */,
				EE606CE81A6E2EFF008BC3CA /* list_icon4@2x.png */,
				EE606CE91A6E2EFF008BC3CA /* list_icon5@2x.png */,
				EE606CEA1A6E2EFF008BC3CA /* list_icon6@2x.png */,
				EE606CEB1A6E2EFF008BC3CA /* list_icon7@2x.png */,
				EE606CEC1A6E2EFF008BC3CA /* list_icon8@2x.png */,
				EE606CED1A6E2EFF008BC3CA /* list_icon9@2x.png */,
			);
			path = 2x;
			sourceTree = "<group>";
		};
		EE9E55881A68AD64002EC6ED /* Resources */ = {
			isa = PBXGroup;
			children = (
				EE9E568F1A68F397002EC6ED /* Images */,
				EE9E55891A68AD64002EC6ED /* data.json */,
			);
			path = Resources;
			sourceTree = "<group>";
		};
		EE9E568F1A68F397002EC6ED /* Images */ = {
			isa = PBXGroup;
			children = (
				EE9E56901A68F397002EC6ED /* common */,
				EE9E56971A68F397002EC6ED /* Main */,
			);
			path = Images;
			sourceTree = "<group>";
		};
		EE9E56901A68F397002EC6ED /* common */ = {
			isa = PBXGroup;
			children = (
				EE9E56911A68F397002EC6ED /* 2x */,
			);
			path = common;
			sourceTree = "<group>";
		};
		EE9E56911A68F397002EC6ED /* 2x */ = {
			isa = PBXGroup;
			children = (
				EE59AD841A6F5268009F587C /* top@2x.png */,
				EE06A4191A6D0BBD000359AC /* fault_tips_box@2x.png */,
				EE06A4151A6D04A1000359AC /* time_set@2x.png */,
				EE06A4171A6D0542000359AC /* tips_box@2x.png */,
				EE9E56921A68F397002EC6ED /* button_1@2x.png */,
				EE9E56931A68F397002EC6ED /* button_2_1@2x.png */,
				EE9E56941A68F397002EC6ED /* button_2_2@2x.png */,
				EE9E56951A68F397002EC6ED /* button_3@2x.png */,
				EE9E56961A68F397002EC6ED /* return_icon@2x.png */,
				EE06A4001A6CA981000359AC /* accessory@2x.png */,
			);
			path = 2x;
			sourceTree = "<group>";
		};
		EE9E56971A68F397002EC6ED /* Main */ = {
			isa = PBXGroup;
			children = (
				EE606CD11A6E2EFF008BC3CA /* devices */,
				EE606CC41A6E097E008BC3CA /* about */,
				EE606CB81A6E078C008BC3CA /* menu */,
				EE9E56981A68F397002EC6ED /* 2x */,
			);
			path = Main;
			sourceTree = "<group>";
		};
		EE9E56981A68F397002EC6ED /* 2x */ = {
			isa = PBXGroup;
			children = (
				EE9E56991A68F397002EC6ED /* home_bg@2x.png */,
				EE9E569A1A68F397002EC6ED /* home_icon-06@2x.png */,
				EE9E569B1A68F397002EC6ED /* home_icon-07@2x.png */,
				EE9E569C1A68F397002EC6ED /* home_start@2x.png */,
				EE9E569D1A68F397002EC6ED /* home_stop@2x.png */,
				EE9E569E1A68F397002EC6ED /* icon_menu@2x.png */,
			);
			path = 2x;
			sourceTree = "<group>";
		};
/* End PBXGroup section */

/* Begin PBXNativeTarget section */
		EE5F5A7F1A679394005795A7 /* SmartSocket */ = {
			isa = PBXNativeTarget;
			buildConfigurationList = EE5F5AA31A679394005795A7 /* Build configuration list for PBXNativeTarget "SmartSocket" */;
			buildPhases = (
				EE5F5A7C1A679394005795A7 /* Sources */,
				EE5F5A7D1A679394005795A7 /* Frameworks */,
				EE5F5A7E1A679394005795A7 /* Resources */,
			);
			buildRules = (
			);
			dependencies = (
			);
			name = SmartSocket;
			productName = SmartSocket;
			productReference = EE5F5A801A679394005795A7 /* SmartSocket.app */;
			productType = "com.apple.product-type.application";
		};
/* End PBXNativeTarget section */

/* Begin PBXProject section */
		EE5F5A781A679394005795A7 /* Project object */ = {
			isa = PBXProject;
			attributes = {
				LastUpgradeCheck = 0610;
				ORGANIZATIONNAME = xpg;
				TargetAttributes = {
					EE5F5A7F1A679394005795A7 = {
						CreatedOnToolsVersion = 6.1.1;
					};
				};
			};
			buildConfigurationList = EE5F5A7B1A679394005795A7 /* Build configuration list for PBXProject "SmartSocket" */;
			compatibilityVersion = "Xcode 3.2";
			developmentRegion = English;
			hasScannedForEncodings = 0;
			knownRegions = (
				en,
				Base,
				"zh-Hans",
			);
			mainGroup = EE5F5A771A679394005795A7;
			productRefGroup = EE5F5A811A679394005795A7 /* Products */;
			projectDirPath = "";
			projectRoot = "";
			targets = (
				EE5F5A7F1A679394005795A7 /* SmartSocket */,
			);
		};
/* End PBXProject section */

/* Begin PBXResourcesBuildPhase section */
		EE5F5A7E1A679394005795A7 /* Resources */ = {
			isa = PBXResourcesBuildPhase;
			buildActionMask = 2147483647;
			files = (
				EE5F5B921A67B7D1005795A7 /* IoTAlertView.xib in Resources */,
				EE606CF71A6E2EFF008BC3CA /* head_icon5_down@2x.png in Resources */,
				EE06A4181A6D0542000359AC /* tips_box@2x.png in Resources */,
				EE606CF51A6E2EFF008BC3CA /* head_icon4_down@2x.png in Resources */,
				E2364B5E1A88BB1200DB07B4 /* Localizable.strings in Resources */,
				EE5F5B441A6794D3005795A7 /* menu-button.png in Resources */,
				EE606D021A6E2EFF008BC3CA /* list_icon3@2x.png in Resources */,
				EE59AD831A6F5159009F587C /* icon_edit@2x.png in Resources */,
				EE606CF31A6E2EFF008BC3CA /* head_icon3_down@2x.png in Resources */,
				EE9E56A31A68F397002EC6ED /* return_icon@2x.png in Resources */,
				EE606CFE1A6E2EFF008BC3CA /* head_icon9@2x.png in Resources */,
				EE59AD851A6F5268009F587C /* top@2x.png in Resources */,
				EE5F5B891A67B74E005795A7 /* IoTHelp.xib in Resources */,
				EE606D071A6E2EFF008BC3CA /* list_icon8@2x.png in Resources */,
				EE9E56A71A68F397002EC6ED /* home_start@2x.png in Resources */,
				EE9E56A21A68F397002EC6ED /* button_3@2x.png in Resources */,
				EE606CCA1A6E097E008BC3CA /* about@3x.png in Resources */,
				EE06A4011A6CA981000359AC /* accessory@2x.png in Resources */,
				EE9E56A41A68F397002EC6ED /* home_bg@2x.png in Resources */,
				EE5F5B4D1A6794D3005795A7 /* zbar-back.png in Resources */,
				EE9E56A11A68F397002EC6ED /* button_2_2@2x.png in Resources */,
				EE5F5A911A679394005795A7 /* Images.xcassets in Resources */,
				EE606CF91A6E2EFF008BC3CA /* head_icon6_down@2x.png in Resources */,
				EE5F5B831A67B74E005795A7 /* IoTDeviceDetail.xib in Resources */,
				EE9E56A91A68F397002EC6ED /* icon_menu@2x.png in Resources */,
				EE9E56B41A690A48002EC6ED /* IoTTimingSubscribe.xib in Resources */,
				EE606CC11A6E078C008BC3CA /* menu_icon-14@2x.png in Resources */,
				EE606D0E1A6E40AD008BC3CA /* button_delete@2x.png in Resources */,
				EE5F5B8D1A67B74E005795A7 /* IoTMainMenu.xib in Resources */,
				EE5F5B451A6794D3005795A7 /* menu-button@2x.png in Resources */,
				EE606CC31A6E078C008BC3CA /* menu_icon@2x.png in Resources */,
				EE606CEE1A6E2EFF008BC3CA /* head_icon1@2x.png in Resources */,
				EE606CEF1A6E2EFF008BC3CA /* head_icon1_down@2x.png in Resources */,
				EE9E558A1A68AD64002EC6ED /* data.json in Resources */,
				EE06A41A1A6D0BBD000359AC /* fault_tips_box@2x.png in Resources */,
				EE606D0A1A6E3A7D008BC3CA /* input_box@2x.png in Resources */,
				EE606D051A6E2EFF008BC3CA /* list_icon6@2x.png in Resources */,
				EE606CFF1A6E2EFF008BC3CA /* head_icon9_down@2x.png in Resources */,
				EE06A4071A6CB0DF000359AC /* IoTTimingSubscribeCell.xib in Resources */,
				EE5F5B501A6794D3005795A7 /* zbar-samples.png in Resources */,
				EE606D061A6E2EFF008BC3CA /* list_icon7@2x.png in Resources */,
				EE9E56AF1A68FDEE002EC6ED /* IoTSubscribe.xib in Resources */,
				EE5F5B4E1A6794D3005795A7 /* zbar-help.html in Resources */,
				EE606CFD1A6E2EFF008BC3CA /* head_icon8_down@2x.png in Resources */,
				E20C4C5B1AB6A9A9009F0692 /* IoTDeviceCollectItem.xib in Resources */,
				EE606CF81A6E2EFF008BC3CA /* head_icon6@2x.png in Resources */,
				EE9E56A81A68F397002EC6ED /* home_stop@2x.png in Resources */,
				EE9E56A51A68F397002EC6ED /* home_icon-06@2x.png in Resources */,
				EE606D011A6E2EFF008BC3CA /* list_icon2@2x.png in Resources */,
				EE606CF01A6E2EFF008BC3CA /* head_icon2@2x.png in Resources */,
				EE606D041A6E2EFF008BC3CA /* list_icon5@2x.png in Resources */,
				EE606CF41A6E2EFF008BC3CA /* head_icon4@2x.png in Resources */,
				EE59AD811A6F3FE7009F587C /* IoTInputView.xib in Resources */,
				EE9E569F1A68F397002EC6ED /* button_1@2x.png in Resources */,
				EE606CFA1A6E2EFF008BC3CA /* head_icon7@2x.png in Resources */,
				EE5F5B871A67B74E005795A7 /* IoTAbout.xib in Resources */,
				EE06A4161A6D04A1000359AC /* time_set@2x.png in Resources */,
				EE5F5B811A67B74E005795A7 /* IoTChangePassword.xib in Resources */,
				EE5F5B8B1A67B74E005795A7 /* IoTHelpDetail.xib in Resources */,
				EE606CF61A6E2EFF008BC3CA /* head_icon5@2x.png in Resources */,
				EE5F5B7F1A67B74E005795A7 /* IoTAccountManager.xib in Resources */,
				EE606CC91A6E097E008BC3CA /* about@2x.png in Resources */,
				EE606CC01A6E078C008BC3CA /* menu_icon-11@2x.png in Resources */,
				EE606CFC1A6E2EFF008BC3CA /* head_icon8@2x.png in Resources */,
				EE606CFB1A6E2EFF008BC3CA /* head_icon7_down@2x.png in Resources */,
				EE5F5B851A67B74E005795A7 /* IoTDeviceManager.xib in Resources */,
				EE9E56A61A68F397002EC6ED /* home_icon-07@2x.png in Resources */,
				EE5F5B3D1A6794D3005795A7 /* License.txt in Resources */,
				EE606CF11A6E2EFF008BC3CA /* head_icon2_down@2x.png in Resources */,
				E20C4C591AB6A9A9009F0692 /* IoTDeviceCollectIcon.xib in Resources */,
				EE606D031A6E2EFF008BC3CA /* list_icon4@2x.png in Resources */,
				EE606D001A6E2EFF008BC3CA /* list_icon1@2x.png in Resources */,
				EE9E56A01A68F397002EC6ED /* button_2_1@2x.png in Resources */,
				EE606CC21A6E078C008BC3CA /* menu_icon-17@2x.png in Resources */,
				EE5F5B4F1A6794D3005795A7 /* zbar-helpicons.png in Resources */,
				EE06A4141A6CECB6000359AC /* IoTTimingSelection.xib in Resources */,
				EE606CF21A6E2EFF008BC3CA /* head_icon3@2x.png in Resources */,
				EE5F5B471A6794D3005795A7 /* IoTProcessModule.bundle in Resources */,
				EE606D081A6E2EFF008BC3CA /* list_icon9@2x.png in Resources */,
				EE9E568C1A68F052002EC6ED /* IoTMainController.xib in Resources */,
				EE606CBF1A6E078C008BC3CA /* device_list-32@2x.png in Resources */,
			);
			runOnlyForDeploymentPostprocessing = 0;
		};
/* End PBXResourcesBuildPhase section */

/* Begin PBXSourcesBuildPhase section */
		EE5F5A7C1A679394005795A7 /* Sources */ = {
			isa = PBXSourcesBuildPhase;
			buildActionMask = 2147483647;
			files = (
				EE5F5B461A6794D3005795A7 /* SlideNavigationController.m in Sources */,
				EE5F5B401A6794D3005795A7 /* SlideNavigationContorllerAnimatorScale.m in Sources */,
				EE5F5B8A1A67B74E005795A7 /* IoTHelpDetail.m in Sources */,
				EE5F5B861A67B74E005795A7 /* IoTAbout.m in Sources */,
				EE59AD801A6F3FE7009F587C /* IoTInputView.m in Sources */,
				EE5F5B881A67B74E005795A7 /* IoTHelp.m in Sources */,
				EE5F5B411A6794D3005795A7 /* SlideNavigationContorllerAnimatorScaleAndFade.m in Sources */,
				EE606CD01A6E2A6D008BC3CA /* IoTPhotoRecorder.m in Sources */,
				EE5F5A891A679394005795A7 /* AppDelegate.m in Sources */,
				EE5F5B8C1A67B74E005795A7 /* IoTMainMenu.m in Sources */,
				EE5F5B4B1A6794D3005795A7 /* UICircularSlider.m in Sources */,
				EE06A40C1A6CE507000359AC /* MultiSelectSegmentedControl.m in Sources */,
				EE5F5B841A67B74E005795A7 /* IoTDeviceManager.m in Sources */,
				EE5F5B3F1A6794D3005795A7 /* SlideNavigationContorllerAnimatorFade.m in Sources */,
				EE9E56AE1A68FDEE002EC6ED /* IoTSubscribe.m in Sources */,
				EE5F5B7E1A67B74E005795A7 /* IoTAccountManager.m in Sources */,
				EE5F5B821A67B74E005795A7 /* IoTDeviceDetail.m in Sources */,
				E20C4C581AB6A9A9009F0692 /* IoTDeviceCollectIcon.m in Sources */,
				EE5F5A861A679394005795A7 /* main.m in Sources */,
				EE06A4061A6CB0DF000359AC /* IoTTimingSubscribeCell.m in Sources */,
				EE06A4131A6CECB6000359AC /* IoTTimingSelection.m in Sources */,
				EE9E56B31A690A48002EC6ED /* IoTTimingSubscribe.m in Sources */,
				EE5F5B431A6794D3005795A7 /* SlideNavigationContorllerAnimatorSlideAndFade.m in Sources */,
				EE5F5B801A67B74E005795A7 /* IoTChangePassword.m in Sources */,
				EE5F5B911A67B7D1005795A7 /* IoTAlertView.m in Sources */,
				EE9E568B1A68F052002EC6ED /* IoTMainController.m in Sources */,
				E20C4C5A1AB6A9A9009F0692 /* IoTDeviceCollectItem.m in Sources */,
				EE5F5B421A6794D3005795A7 /* SlideNavigationContorllerAnimatorSlide.m in Sources */,
			);
			runOnlyForDeploymentPostprocessing = 0;
		};
/* End PBXSourcesBuildPhase section */

/* Begin PBXVariantGroup section */
		E2364B5C1A88BB1200DB07B4 /* Localizable.strings */ = {
			isa = PBXVariantGroup;
			children = (
				E2364B5D1A88BB1200DB07B4 /* en */,
				E2364B5F1A88BB1900DB07B4 /* zh-Hans */,
			);
			name = Localizable.strings;
			sourceTree = "<group>";
		};
/* End PBXVariantGroup section */

/* Begin XCBuildConfiguration section */
		EE5F5AA11A679394005795A7 /* Debug */ = {
			isa = XCBuildConfiguration;
			buildSettings = {
				ALWAYS_SEARCH_USER_PATHS = NO;
				CLANG_CXX_LANGUAGE_STANDARD = "gnu++0x";
				CLANG_CXX_LIBRARY = "libc++";
				CLANG_ENABLE_MODULES = YES;
				CLANG_ENABLE_OBJC_ARC = YES;
				CLANG_WARN_BOOL_CONVERSION = YES;
				CLANG_WARN_CONSTANT_CONVERSION = YES;
				CLANG_WARN_DIRECT_OBJC_ISA_USAGE = YES_ERROR;
				CLANG_WARN_EMPTY_BODY = YES;
				CLANG_WARN_ENUM_CONVERSION = YES;
				CLANG_WARN_INT_CONVERSION = YES;
				CLANG_WARN_OBJC_ROOT_CLASS = YES_ERROR;
				CLANG_WARN_UNREACHABLE_CODE = YES;
				CLANG_WARN__DUPLICATE_METHOD_MATCH = YES;
				"CODE_SIGN_IDENTITY[sdk=iphoneos*]" = "iPhone Developer";
				COPY_PHASE_STRIP = NO;
				ENABLE_STRICT_OBJC_MSGSEND = YES;
				GCC_C_LANGUAGE_STANDARD = gnu99;
				GCC_DYNAMIC_NO_PIC = NO;
				GCC_OPTIMIZATION_LEVEL = 0;
				GCC_PREPROCESSOR_DEFINITIONS = (
					"DEBUG=1",
					"$(inherited)",
				);
				GCC_SYMBOLS_PRIVATE_EXTERN = NO;
				GCC_WARN_64_TO_32_BIT_CONVERSION = YES;
				GCC_WARN_ABOUT_RETURN_TYPE = YES_ERROR;
				GCC_WARN_UNDECLARED_SELECTOR = YES;
				GCC_WARN_UNINITIALIZED_AUTOS = YES_AGGRESSIVE;
				GCC_WARN_UNUSED_FUNCTION = YES;
				GCC_WARN_UNUSED_VARIABLE = YES;
				HEADER_SEARCH_PATHS = (
					"$(inherited)",
					/Applications/Xcode.app/Contents/Developer/Toolchains/XcodeDefault.xctoolchain/usr/include,
					"\"$(SRCROOT)/Utils/IoTProcessModel/include\"",
				);
				IPHONEOS_DEPLOYMENT_TARGET = 7.1;
				MTL_ENABLE_DEBUG_INFO = YES;
				ONLY_ACTIVE_ARCH = YES;
				SDKROOT = iphoneos;
			};
			name = Debug;
		};
		EE5F5AA21A679394005795A7 /* Release */ = {
			isa = XCBuildConfiguration;
			buildSettings = {
				ALWAYS_SEARCH_USER_PATHS = NO;
				CLANG_CXX_LANGUAGE_STANDARD = "gnu++0x";
				CLANG_CXX_LIBRARY = "libc++";
				CLANG_ENABLE_MODULES = YES;
				CLANG_ENABLE_OBJC_ARC = YES;
				CLANG_WARN_BOOL_CONVERSION = YES;
				CLANG_WARN_CONSTANT_CONVERSION = YES;
				CLANG_WARN_DIRECT_OBJC_ISA_USAGE = YES_ERROR;
				CLANG_WARN_EMPTY_BODY = YES;
				CLANG_WARN_ENUM_CONVERSION = YES;
				CLANG_WARN_INT_CONVERSION = YES;
				CLANG_WARN_OBJC_ROOT_CLASS = YES_ERROR;
				CLANG_WARN_UNREACHABLE_CODE = YES;
				CLANG_WARN__DUPLICATE_METHOD_MATCH = YES;
				"CODE_SIGN_IDENTITY[sdk=iphoneos*]" = "iPhone Developer";
				COPY_PHASE_STRIP = YES;
				ENABLE_NS_ASSERTIONS = NO;
				ENABLE_STRICT_OBJC_MSGSEND = YES;
				GCC_C_LANGUAGE_STANDARD = gnu99;
				GCC_WARN_64_TO_32_BIT_CONVERSION = YES;
				GCC_WARN_ABOUT_RETURN_TYPE = YES_ERROR;
				GCC_WARN_UNDECLARED_SELECTOR = YES;
				GCC_WARN_UNINITIALIZED_AUTOS = YES_AGGRESSIVE;
				GCC_WARN_UNUSED_FUNCTION = YES;
				GCC_WARN_UNUSED_VARIABLE = YES;
				HEADER_SEARCH_PATHS = (
					"$(inherited)",
					/Applications/Xcode.app/Contents/Developer/Toolchains/XcodeDefault.xctoolchain/usr/include,
					"\"$(SRCROOT)/Utils/IoTProcessModel/include\"",
				);
				IPHONEOS_DEPLOYMENT_TARGET = 7.1;
				MTL_ENABLE_DEBUG_INFO = NO;
				SDKROOT = iphoneos;
				VALIDATE_PRODUCT = YES;
			};
			name = Release;
		};
		EE5F5AA41A679394005795A7 /* Debug */ = {
			isa = XCBuildConfiguration;
			buildSettings = {
				ASSETCATALOG_COMPILER_APPICON_NAME = AppIcon;
				ASSETCATALOG_COMPILER_LAUNCHIMAGE_NAME = LaunchImage;
				FRAMEWORK_SEARCH_PATHS = (
					"$(inherited)",
					"$(PROJECT_DIR)/Utils/XPGWifiSDK",
				);
				GCC_PREFIX_HEADER = SmartSocket/SmartSocket.pch;
				INFOPLIST_FILE = SmartSocket/Info.plist;
				LD_RUNPATH_SEARCH_PATHS = "$(inherited) @executable_path/Frameworks";
				LIBRARY_SEARCH_PATHS = (
					"$(inherited)",
					"$(PROJECT_DIR)/Utils/IoTProcessModel",
					"$(PROJECT_DIR)/Utils/OpenSSL-Universal/library",
				);
				PRODUCT_NAME = "$(TARGET_NAME)";
			};
			name = Debug;
		};
		EE5F5AA51A679394005795A7 /* Release */ = {
			isa = XCBuildConfiguration;
			buildSettings = {
				ASSETCATALOG_COMPILER_APPICON_NAME = AppIcon;
				ASSETCATALOG_COMPILER_LAUNCHIMAGE_NAME = LaunchImage;
				FRAMEWORK_SEARCH_PATHS = (
					"$(inherited)",
					"$(PROJECT_DIR)/Utils/XPGWifiSDK",
				);
				GCC_PREFIX_HEADER = SmartSocket/SmartSocket.pch;
				INFOPLIST_FILE = SmartSocket/Info.plist;
				LD_RUNPATH_SEARCH_PATHS = "$(inherited) @executable_path/Frameworks";
				LIBRARY_SEARCH_PATHS = (
					"$(inherited)",
					"$(PROJECT_DIR)/Utils/IoTProcessModel",
					"$(PROJECT_DIR)/Utils/OpenSSL-Universal/library",
				);
				PRODUCT_NAME = "$(TARGET_NAME)";
			};
			name = Release;
		};
/* End XCBuildConfiguration section */

/* Begin XCConfigurationList section */
		EE5F5A7B1A679394005795A7 /* Build configuration list for PBXProject "SmartSocket" */ = {
			isa = XCConfigurationList;
			buildConfigurations = (
				EE5F5AA11A679394005795A7 /* Debug */,
				EE5F5AA21A679394005795A7 /* Release */,
			);
			defaultConfigurationIsVisible = 0;
			defaultConfigurationName = Release;
		};
		EE5F5AA31A679394005795A7 /* Build configuration list for PBXNativeTarget "SmartSocket" */ = {
			isa = XCConfigurationList;
			buildConfigurations = (
				EE5F5AA41A679394005795A7 /* Debug */,
				EE5F5AA51A679394005795A7 /* Release */,
			);
			defaultConfigurationIsVisible = 0;
			defaultConfigurationName = Release;
		};
/* End XCConfigurationList section */
	};
	rootObject = EE5F5A781A679394005795A7 /* Project object */;
}
